// !$*UTF8*$!
{
	archiveVersion = 1;
	classes = {
	};
	objectVersion = 46;
	objects = {

/* Begin PBXAggregateTarget section */
		1B8A09E31CF1D97F0030BAEF /* UpdateVersion */ = {
			isa = PBXAggregateTarget;
			buildConfigurationList = 1B8A09E41CF1D97F0030BAEF /* Build configuration list for PBXAggregateTarget "UpdateVersion" */;
			buildPhases = (
				1B8A09E71CF1D9920030BAEF /* ShellScript */,
			);
			dependencies = (
			);
			name = UpdateVersion;
			productName = UpdateVersion;
		};
/* End PBXAggregateTarget section */

/* Begin PBXBuildFile section */
		1B213C971CD8994500B8E673 /* Preferences.m in Sources */ = {isa = PBXBuildFile; fileRef = 1B213C961CD8994500B8E673 /* Preferences.m */; };
		1B213C9A1CD8AF1C00B8E673 /* img_sidebar_black.png in Resources */ = {isa = PBXBuildFile; fileRef = 1B213C991CD8AF1C00B8E673 /* img_sidebar_black.png */; };
		1B213C9E1CD8C88800B8E673 /* ProgressCircleView.m in Sources */ = {isa = PBXBuildFile; fileRef = 1B213C9D1CD8C88800B8E673 /* ProgressCircleView.m */; };
		1B213CA11CD8EF5B00B8E673 /* MessageUI.framework in Frameworks */ = {isa = PBXBuildFile; fileRef = 1B213CA01CD8EF5B00B8E673 /* MessageUI.framework */; };
		1B213CA61CD8F06A00B8E673 /* SDiPhoneVersion.m in Sources */ = {isa = PBXBuildFile; fileRef = 1B213CA51CD8F06A00B8E673 /* SDiPhoneVersion.m */; };
		1B213CA81CD8F25E00B8E673 /* Localizable.strings in Resources */ = {isa = PBXBuildFile; fileRef = 1B213CA71CD8F25E00B8E673 /* Localizable.strings */; };
		1B213CAC1CD9D54500B8E673 /* CircleIndicator.m in Sources */ = {isa = PBXBuildFile; fileRef = 1B213CAB1CD9D54500B8E673 /* CircleIndicator.m */; };
		1B213CB01CDA0DCB00B8E673 /* ThemeTuneViewController.m in Sources */ = {isa = PBXBuildFile; fileRef = 1B213CAE1CDA0DCB00B8E673 /* ThemeTuneViewController.m */; };
		1B213CB11CDA0DCB00B8E673 /* ThemeTuneViewController.xib in Resources */ = {isa = PBXBuildFile; fileRef = 1B213CAF1CDA0DCB00B8E673 /* ThemeTuneViewController.xib */; };
		1B345F6B1CEB4C3F007AC1D9 /* EDAppDelegate.m in Sources */ = {isa = PBXBuildFile; fileRef = 1B345F6A1CEB4C3F007AC1D9 /* EDAppDelegate.m */; };
		1B345F6E1CEB4C3F007AC1D9 /* main.m in Sources */ = {isa = PBXBuildFile; fileRef = 1B345F6D1CEB4C3F007AC1D9 /* main.m */; };
		1B345F731CEB4C3F007AC1D9 /* Assets.xcassets in Resources */ = {isa = PBXBuildFile; fileRef = 1B345F721CEB4C3F007AC1D9 /* Assets.xcassets */; };
		1B345F761CEB4C40007AC1D9 /* MainMenu.xib in Resources */ = {isa = PBXBuildFile; fileRef = 1B345F741CEB4C40007AC1D9 /* MainMenu.xib */; };
		1B345F7B1CEB4CD4007AC1D9 /* Gospel.entitlements in Resources */ = {isa = PBXBuildFile; fileRef = 1BAE23C01CE328AD006D068C /* Gospel.entitlements */; };
		1B345F7C1CEB4CD5007AC1D9 /* Gospel.entitlements in Resources */ = {isa = PBXBuildFile; fileRef = 1BAE23C01CE328AD006D068C /* Gospel.entitlements */; };
		1B345F7D1CEB4CFB007AC1D9 /* Gospel.xcdatamodeld in Sources */ = {isa = PBXBuildFile; fileRef = 8B852BDE1CC4D30F001BE270 /* Gospel.xcdatamodeld */; };
		1B345F7E1CEB4D00007AC1D9 /* Paragraph+CoreDataProperties.m in Sources */ = {isa = PBXBuildFile; fileRef = 1B466C5D1CDE2A9700564BC0 /* Paragraph+CoreDataProperties.m */; };
		1B345F7F1CEB4D05007AC1D9 /* Paragraph.m in Sources */ = {isa = PBXBuildFile; fileRef = 1B466C5F1CDE2A9700564BC0 /* Paragraph.m */; };
		1B345F801CEB4D0B007AC1D9 /* DAO.m in Sources */ = {isa = PBXBuildFile; fileRef = 1B466C5A1CDE28F000564BC0 /* DAO.m */; };
		1B466C3F1CDC782200564BC0 /* blue.jpg in Resources */ = {isa = PBXBuildFile; fileRef = 1B466C361CDC782200564BC0 /* blue.jpg */; };
		1B466C401CDC782200564BC0 /* img_sidebar_orange.jpg in Resources */ = {isa = PBXBuildFile; fileRef = 1B466C371CDC782200564BC0 /* img_sidebar_orange.jpg */; };
		1B466C411CDC782200564BC0 /* orange.jpg in Resources */ = {isa = PBXBuildFile; fileRef = 1B466C381CDC782200564BC0 /* orange.jpg */; };
		1B466C421CDC782200564BC0 /* dark.jpg in Resources */ = {isa = PBXBuildFile; fileRef = 1B466C391CDC782200564BC0 /* dark.jpg */; };
		1B466C431CDC782200564BC0 /* img_sidebar_dark.jpg in Resources */ = {isa = PBXBuildFile; fileRef = 1B466C3A1CDC782200564BC0 /* img_sidebar_dark.jpg */; };
		1B466C441CDC782200564BC0 /* grey.jpg in Resources */ = {isa = PBXBuildFile; fileRef = 1B466C3B1CDC782200564BC0 /* grey.jpg */; };
		1B466C451CDC782200564BC0 /* img_sidebar_grey.jpg in Resources */ = {isa = PBXBuildFile; fileRef = 1B466C3C1CDC782200564BC0 /* img_sidebar_grey.jpg */; };
		1B466C461CDC782200564BC0 /* img_sidebar_blue.png in Resources */ = {isa = PBXBuildFile; fileRef = 1B466C3D1CDC782200564BC0 /* img_sidebar_blue.png */; };
		1B466C471CDC782200564BC0 /* img_sidebar.png in Resources */ = {isa = PBXBuildFile; fileRef = 1B466C3E1CDC782200564BC0 /* img_sidebar.png */; };
		1B466C581CDD0C9E00564BC0 /* iTunesArtwork.png in Resources */ = {isa = PBXBuildFile; fileRef = 1B466C571CDD0C9E00564BC0 /* iTunesArtwork.png */; };
		1B466C5B1CDE28F000564BC0 /* DAO.m in Sources */ = {isa = PBXBuildFile; fileRef = 1B466C5A1CDE28F000564BC0 /* DAO.m */; };
		1B466C601CDE2A9700564BC0 /* Paragraph+CoreDataProperties.m in Sources */ = {isa = PBXBuildFile; fileRef = 1B466C5D1CDE2A9700564BC0 /* Paragraph+CoreDataProperties.m */; };
		1B466C611CDE2A9700564BC0 /* Paragraph.m in Sources */ = {isa = PBXBuildFile; fileRef = 1B466C5F1CDE2A9700564BC0 /* Paragraph.m */; };
		1B8A09E21CF1D9290030BAEF /* VersionUpdate.sh in Resources */ = {isa = PBXBuildFile; fileRef = 1B8A09E01CF1D9290030BAEF /* VersionUpdate.sh */; };
		1BAE23C61CE3457B006D068C /* WaitingViewController.m in Sources */ = {isa = PBXBuildFile; fileRef = 1BAE23C41CE3457B006D068C /* WaitingViewController.m */; };
		1BAE23C71CE3457B006D068C /* WaitingViewController.xib in Resources */ = {isa = PBXBuildFile; fileRef = 1BAE23C51CE3457B006D068C /* WaitingViewController.xib */; };
		1BAE23CA1CE34637006D068C /* Cloud-icon.png in Resources */ = {isa = PBXBuildFile; fileRef = 1BAE23C91CE34637006D068C /* Cloud-icon.png */; };
		1BAE23CD1CE3B3D2006D068C /* day_nigh_hrt.png in Resources */ = {isa = PBXBuildFile; fileRef = 1BAE23CB1CE3B3D2006D068C /* day_nigh_hrt.png */; };
		1BAE23CE1CE3B3D2006D068C /* day_nigh_hrt_day.png in Resources */ = {isa = PBXBuildFile; fileRef = 1BAE23CC1CE3B3D2006D068C /* day_nigh_hrt_day.png */; };
		1BB76E3F1CFD78B000CA0958 /* InfoViewController.m in Sources */ = {isa = PBXBuildFile; fileRef = 1BB76E3D1CFD78B000CA0958 /* InfoViewController.m */; };
		1BB76E401CFD78B000CA0958 /* InfoViewController.xib in Resources */ = {isa = PBXBuildFile; fileRef = 1BB76E3E1CFD78B000CA0958 /* InfoViewController.xib */; };
		1BB76E421CFD79F100CA0958 /* InfoText.rtf in Resources */ = {isa = PBXBuildFile; fileRef = 1BB76E411CFD79F100CA0958 /* InfoText.rtf */; };
		1BB76E471CFDDF0D00CA0958 /* acadnusx.ttf in Resources */ = {isa = PBXBuildFile; fileRef = 1BB76E461CFDDF0D00CA0958 /* acadnusx.ttf */; };
		1BB76E491CFDDF2100CA0958 /* litnusx.ttf in Resources */ = {isa = PBXBuildFile; fileRef = 1BB76E481CFDDF2100CA0958 /* litnusx.ttf */; };
		1BB76E4A1CFDDF2100CA0958 /* litnusx.ttf in Resources */ = {isa = PBXBuildFile; fileRef = 1BB76E481CFDDF2100CA0958 /* litnusx.ttf */; };
		1BB76E4B1CFDDF3400CA0958 /* acadnusx.ttf in Resources */ = {isa = PBXBuildFile; fileRef = 1BB76E461CFDDF0D00CA0958 /* acadnusx.ttf */; };
		1BB76E4E1CFDF8FB00CA0958 /* article1.rtf in Resources */ = {isa = PBXBuildFile; fileRef = 1BB76E4D1CFDF8FB00CA0958 /* article1.rtf */; };
		1BB76E4F1CFDF8FB00CA0958 /* article1.rtf in Resources */ = {isa = PBXBuildFile; fileRef = 1BB76E4D1CFDF8FB00CA0958 /* article1.rtf */; };
		1BB76E511CFDF92400CA0958 /* article2.rtf in Resources */ = {isa = PBXBuildFile; fileRef = 1BB76E501CFDF92400CA0958 /* article2.rtf */; };
		1BB76E521CFDF92400CA0958 /* article2.rtf in Resources */ = {isa = PBXBuildFile; fileRef = 1BB76E501CFDF92400CA0958 /* article2.rtf */; };
		1BB76E541CFDF95500CA0958 /* article3.rtf in Resources */ = {isa = PBXBuildFile; fileRef = 1BB76E531CFDF95500CA0958 /* article3.rtf */; };
		1BB76E551CFDF95500CA0958 /* article3.rtf in Resources */ = {isa = PBXBuildFile; fileRef = 1BB76E531CFDF95500CA0958 /* article3.rtf */; };
		1BB76E571CFDF97D00CA0958 /* article4.rtf in Resources */ = {isa = PBXBuildFile; fileRef = 1BB76E561CFDF97D00CA0958 /* article4.rtf */; };
		1BB76E581CFDF97D00CA0958 /* article4.rtf in Resources */ = {isa = PBXBuildFile; fileRef = 1BB76E561CFDF97D00CA0958 /* article4.rtf */; };
		1BB76E5A1CFDF99C00CA0958 /* article5.rtf in Resources */ = {isa = PBXBuildFile; fileRef = 1BB76E591CFDF99C00CA0958 /* article5.rtf */; };
		1BB76E5B1CFDF99C00CA0958 /* article5.rtf in Resources */ = {isa = PBXBuildFile; fileRef = 1BB76E591CFDF99C00CA0958 /* article5.rtf */; };
		1BB76E5D1CFDF9B900CA0958 /* article6.rtf in Resources */ = {isa = PBXBuildFile; fileRef = 1BB76E5C1CFDF9B900CA0958 /* article6.rtf */; };
		1BB76E5E1CFDF9B900CA0958 /* article6.rtf in Resources */ = {isa = PBXBuildFile; fileRef = 1BB76E5C1CFDF9B900CA0958 /* article6.rtf */; };
		1BB76E601CFDF9D500CA0958 /* article7.rtf in Resources */ = {isa = PBXBuildFile; fileRef = 1BB76E5F1CFDF9D500CA0958 /* article7.rtf */; };
		1BB76E611CFDF9D500CA0958 /* article7.rtf in Resources */ = {isa = PBXBuildFile; fileRef = 1BB76E5F1CFDF9D500CA0958 /* article7.rtf */; };
		1BB76E631CFDFD3E00CA0958 /* article8.rtf in Resources */ = {isa = PBXBuildFile; fileRef = 1BB76E621CFDFD3E00CA0958 /* article8.rtf */; };
		1BB76E641CFDFD3E00CA0958 /* article8.rtf in Resources */ = {isa = PBXBuildFile; fileRef = 1BB76E621CFDFD3E00CA0958 /* article8.rtf */; };
		1BB76E661CFDFD5E00CA0958 /* article9.rtf in Resources */ = {isa = PBXBuildFile; fileRef = 1BB76E651CFDFD5E00CA0958 /* article9.rtf */; };
		1BB76E671CFDFD5E00CA0958 /* article9.rtf in Resources */ = {isa = PBXBuildFile; fileRef = 1BB76E651CFDFD5E00CA0958 /* article9.rtf */; };
		1BDD4BB41CE1D14E00DC0694 /* ShowCommentsViewController.m in Sources */ = {isa = PBXBuildFile; fileRef = 1BDD4BB31CE1D14E00DC0694 /* ShowCommentsViewController.m */; };
		8B852BD41CC4D30F001BE270 /* main.m in Sources */ = {isa = PBXBuildFile; fileRef = 8B852BD31CC4D30F001BE270 /* main.m */; };
		8B852BD71CC4D30F001BE270 /* AppDelegate.m in Sources */ = {isa = PBXBuildFile; fileRef = 8B852BD61CC4D30F001BE270 /* AppDelegate.m */; };
		8B852BDA1CC4D30F001BE270 /* ViewController.m in Sources */ = {isa = PBXBuildFile; fileRef = 8B852BD91CC4D30F001BE270 /* ViewController.m */; };
		8B852BDD1CC4D30F001BE270 /* Main.storyboard in Resources */ = {isa = PBXBuildFile; fileRef = 8B852BDB1CC4D30F001BE270 /* Main.storyboard */; };
		8B852BE01CC4D30F001BE270 /* Gospel.xcdatamodeld in Sources */ = {isa = PBXBuildFile; fileRef = 8B852BDE1CC4D30F001BE270 /* Gospel.xcdatamodeld */; };
		8B852BE21CC4D30F001BE270 /* Assets.xcassets in Resources */ = {isa = PBXBuildFile; fileRef = 8B852BE11CC4D30F001BE270 /* Assets.xcassets */; };
		8B852BE51CC4D30F001BE270 /* LaunchScreen.storyboard in Resources */ = {isa = PBXBuildFile; fileRef = 8B852BE31CC4D30F001BE270 /* LaunchScreen.storyboard */; };
		8BF1E34C1CC4DE5E009DC8F2 /* icon_info.png in Resources */ = {isa = PBXBuildFile; fileRef = 8BF1E3471CC4DE5E009DC8F2 /* icon_info.png */; };
		8BF1E34D1CC4DE5E009DC8F2 /* icon_lead.png in Resources */ = {isa = PBXBuildFile; fileRef = 8BF1E3481CC4DE5E009DC8F2 /* icon_lead.png */; };
		8BF1E34E1CC4DE5E009DC8F2 /* icon_setting.png in Resources */ = {isa = PBXBuildFile; fileRef = 8BF1E3491CC4DE5E009DC8F2 /* icon_setting.png */; };
		8BF1E34F1CC4DE5E009DC8F2 /* icon_theme.png in Resources */ = {isa = PBXBuildFile; fileRef = 8BF1E34A1CC4DE5E009DC8F2 /* icon_theme.png */; };
		8BF1E3541CC5FE02009DC8F2 /* icon_circle_red.png in Resources */ = {isa = PBXBuildFile; fileRef = 8BF1E3511CC5FE02009DC8F2 /* icon_circle_red.png */; };
		8BF1E3551CC5FE02009DC8F2 /* img_detail.png in Resources */ = {isa = PBXBuildFile; fileRef = 8BF1E3521CC5FE02009DC8F2 /* img_detail.png */; };
		8BF1E3561CC5FE02009DC8F2 /* img_text.png in Resources */ = {isa = PBXBuildFile; fileRef = 8BF1E3531CC5FE02009DC8F2 /* img_text.png */; };
		8BF1E3591CC5FFDB009DC8F2 /* ListViewController.m in Sources */ = {isa = PBXBuildFile; fileRef = 8BF1E3581CC5FFDB009DC8F2 /* ListViewController.m */; };
		8BF1E35C1CC60028009DC8F2 /* ListTableViewCell.m in Sources */ = {isa = PBXBuildFile; fileRef = 8BF1E35B1CC60028009DC8F2 /* ListTableViewCell.m */; };
		8BF1E3651CC609DC009DC8F2 /* icon_arrow.png in Resources */ = {isa = PBXBuildFile; fileRef = 8BF1E35E1CC609DC009DC8F2 /* icon_arrow.png */; };
		8BF1E3661CC609DC009DC8F2 /* icon_Back.png in Resources */ = {isa = PBXBuildFile; fileRef = 8BF1E35F1CC609DC009DC8F2 /* icon_Back.png */; };
		8BF1E3671CC609DC009DC8F2 /* img_option.png in Resources */ = {isa = PBXBuildFile; fileRef = 8BF1E3601CC609DC009DC8F2 /* img_option.png */; };
		8BF1E3681CC609DC009DC8F2 /* txt_icloud.png in Resources */ = {isa = PBXBuildFile; fileRef = 8BF1E3611CC609DC009DC8F2 /* txt_icloud.png */; };
		8BF1E3691CC609DC009DC8F2 /* txt_reset.png in Resources */ = {isa = PBXBuildFile; fileRef = 8BF1E3621CC609DC009DC8F2 /* txt_reset.png */; };
		8BF1E36A1CC609DC009DC8F2 /* txt_settings.png in Resources */ = {isa = PBXBuildFile; fileRef = 8BF1E3631CC609DC009DC8F2 /* txt_settings.png */; };
		8BF1E36B1CC609DC009DC8F2 /* txt_tracking.png in Resources */ = {isa = PBXBuildFile; fileRef = 8BF1E3641CC609DC009DC8F2 /* txt_tracking.png */; };
		8BFEBE021CC6E8B400DDB4BE /* icon_Back_red.png in Resources */ = {isa = PBXBuildFile; fileRef = 8BFEBE001CC6E8B400DDB4BE /* icon_Back_red.png */; };
		8BFEBE031CC6E8B400DDB4BE /* icon_upload_red.png in Resources */ = {isa = PBXBuildFile; fileRef = 8BFEBE011CC6E8B400DDB4BE /* icon_upload_red.png */; };
		8BFEBE061CC6F80100DDB4BE /* icon_circle_blue.png in Resources */ = {isa = PBXBuildFile; fileRef = 8BFEBE041CC6F80100DDB4BE /* icon_circle_blue.png */; };
		8BFEBE0A1CC703F100DDB4BE /* ContentViewController.m in Sources */ = {isa = PBXBuildFile; fileRef = 8BFEBE091CC703F100DDB4BE /* ContentViewController.m */; };
		8BFEBE0C1CC706A500DDB4BE /* icon_upload_blue.png in Resources */ = {isa = PBXBuildFile; fileRef = 8BFEBE0B1CC706A500DDB4BE /* icon_upload_blue.png */; };
		AED53AD01CD8BEDC0043A1EB /* SettingsTableViewController.m in Sources */ = {isa = PBXBuildFile; fileRef = AED53ACF1CD8BEDC0043A1EB /* SettingsTableViewController.m */; };
		AED53AD61CDBA47A0043A1EB /* lines3.png in Resources */ = {isa = PBXBuildFile; fileRef = AED53AD11CDBA47A0043A1EB /* lines3.png */; };
		AED53AD71CDBA47A0043A1EB /* lines1.png in Resources */ = {isa = PBXBuildFile; fileRef = AED53AD21CDBA47A0043A1EB /* lines1.png */; };
		AED53AD81CDBA47A0043A1EB /* font-size-big.png in Resources */ = {isa = PBXBuildFile; fileRef = AED53AD31CDBA47A0043A1EB /* font-size-big.png */; };
		AED53AD91CDBA47A0043A1EB /* font-size-small.png in Resources */ = {isa = PBXBuildFile; fileRef = AED53AD41CDBA47A0043A1EB /* font-size-small.png */; };
		AED53ADA1CDBA47A0043A1EB /* lines2.png in Resources */ = {isa = PBXBuildFile; fileRef = AED53AD51CDBA47A0043A1EB /* lines2.png */; };
/* End PBXBuildFile section */

/* Begin PBXContainerItemProxy section */
		1B8A09E81CF1D9FD0030BAEF /* PBXContainerItemProxy */ = {
			isa = PBXContainerItemProxy;
			containerPortal = 8B852BC71CC4D30F001BE270 /* Project object */;
			proxyType = 1;
			remoteGlobalIDString = 1B8A09E31CF1D97F0030BAEF;
			remoteInfo = UpdateVersion;
		};
/* End PBXContainerItemProxy section */

/* Begin PBXFileReference section */
		1B213C951CD8994500B8E673 /* Preferences.h */ = {isa = PBXFileReference; fileEncoding = 4; lastKnownFileType = sourcecode.c.h; path = Preferences.h; sourceTree = "<group>"; };
		1B213C961CD8994500B8E673 /* Preferences.m */ = {isa = PBXFileReference; fileEncoding = 4; lastKnownFileType = sourcecode.c.objc; path = Preferences.m; sourceTree = "<group>"; };
		1B213C981CD8A81300B8E673 /* DebugPrint.h */ = {isa = PBXFileReference; lastKnownFileType = sourcecode.c.h; path = DebugPrint.h; sourceTree = "<group>"; };
		1B213C991CD8AF1C00B8E673 /* img_sidebar_black.png */ = {isa = PBXFileReference; lastKnownFileType = image.png; path = img_sidebar_black.png; sourceTree = "<group>"; };
		1B213C9C1CD8C88800B8E673 /* ProgressCircleView.h */ = {isa = PBXFileReference; fileEncoding = 4; lastKnownFileType = sourcecode.c.h; path = ProgressCircleView.h; sourceTree = "<group>"; };
		1B213C9D1CD8C88800B8E673 /* ProgressCircleView.m */ = {isa = PBXFileReference; fileEncoding = 4; lastKnownFileType = sourcecode.c.objc; path = ProgressCircleView.m; sourceTree = "<group>"; };
		1B213CA01CD8EF5B00B8E673 /* MessageUI.framework */ = {isa = PBXFileReference; lastKnownFileType = wrapper.framework; name = MessageUI.framework; path = System/Library/Frameworks/MessageUI.framework; sourceTree = SDKROOT; };
		1B213CA41CD8F06A00B8E673 /* SDiPhoneVersion.h */ = {isa = PBXFileReference; fileEncoding = 4; lastKnownFileType = sourcecode.c.h; path = SDiPhoneVersion.h; sourceTree = "<group>"; };
		1B213CA51CD8F06A00B8E673 /* SDiPhoneVersion.m */ = {isa = PBXFileReference; fileEncoding = 4; lastKnownFileType = sourcecode.c.objc; path = SDiPhoneVersion.m; sourceTree = "<group>"; };
		1B213CA71CD8F25E00B8E673 /* Localizable.strings */ = {isa = PBXFileReference; fileEncoding = 4; lastKnownFileType = text.plist.strings; path = Localizable.strings; sourceTree = "<group>"; };
		1B213CAA1CD9D54500B8E673 /* CircleIndicator.h */ = {isa = PBXFileReference; fileEncoding = 4; lastKnownFileType = sourcecode.c.h; path = CircleIndicator.h; sourceTree = "<group>"; };
		1B213CAB1CD9D54500B8E673 /* CircleIndicator.m */ = {isa = PBXFileReference; fileEncoding = 4; lastKnownFileType = sourcecode.c.objc; path = CircleIndicator.m; sourceTree = "<group>"; };
		1B213CAD1CDA0DCB00B8E673 /* ThemeTuneViewController.h */ = {isa = PBXFileReference; fileEncoding = 4; lastKnownFileType = sourcecode.c.h; path = ThemeTuneViewController.h; sourceTree = "<group>"; };
		1B213CAE1CDA0DCB00B8E673 /* ThemeTuneViewController.m */ = {isa = PBXFileReference; fileEncoding = 4; lastKnownFileType = sourcecode.c.objc; path = ThemeTuneViewController.m; sourceTree = "<group>"; };
		1B213CAF1CDA0DCB00B8E673 /* ThemeTuneViewController.xib */ = {isa = PBXFileReference; fileEncoding = 4; lastKnownFileType = file.xib; path = ThemeTuneViewController.xib; sourceTree = "<group>"; };
		1B345F671CEB4C3F007AC1D9 /* GoSpelEditor.app */ = {isa = PBXFileReference; explicitFileType = wrapper.application; includeInIndex = 0; path = GoSpelEditor.app; sourceTree = BUILT_PRODUCTS_DIR; };
		1B345F691CEB4C3F007AC1D9 /* EDAppDelegate.h */ = {isa = PBXFileReference; lastKnownFileType = sourcecode.c.h; path = EDAppDelegate.h; sourceTree = "<group>"; };
		1B345F6A1CEB4C3F007AC1D9 /* EDAppDelegate.m */ = {isa = PBXFileReference; lastKnownFileType = sourcecode.c.objc; path = EDAppDelegate.m; sourceTree = "<group>"; };
		1B345F6D1CEB4C3F007AC1D9 /* main.m */ = {isa = PBXFileReference; lastKnownFileType = sourcecode.c.objc; path = main.m; sourceTree = "<group>"; };
		1B345F721CEB4C3F007AC1D9 /* Assets.xcassets */ = {isa = PBXFileReference; lastKnownFileType = folder.assetcatalog; path = Assets.xcassets; sourceTree = "<group>"; };
		1B345F751CEB4C40007AC1D9 /* Base */ = {isa = PBXFileReference; lastKnownFileType = file.xib; name = Base; path = Base.lproj/MainMenu.xib; sourceTree = "<group>"; };
		1B345F771CEB4C40007AC1D9 /* Info.plist */ = {isa = PBXFileReference; lastKnownFileType = text.plist.xml; path = Info.plist; sourceTree = "<group>"; };
		1B466C361CDC782200564BC0 /* blue.jpg */ = {isa = PBXFileReference; lastKnownFileType = image.jpeg; path = blue.jpg; sourceTree = "<group>"; };
		1B466C371CDC782200564BC0 /* img_sidebar_orange.jpg */ = {isa = PBXFileReference; lastKnownFileType = image.jpeg; path = img_sidebar_orange.jpg; sourceTree = "<group>"; };
		1B466C381CDC782200564BC0 /* orange.jpg */ = {isa = PBXFileReference; lastKnownFileType = image.jpeg; path = orange.jpg; sourceTree = "<group>"; };
		1B466C391CDC782200564BC0 /* dark.jpg */ = {isa = PBXFileReference; lastKnownFileType = image.jpeg; path = dark.jpg; sourceTree = "<group>"; };
		1B466C3A1CDC782200564BC0 /* img_sidebar_dark.jpg */ = {isa = PBXFileReference; lastKnownFileType = image.jpeg; path = img_sidebar_dark.jpg; sourceTree = "<group>"; };
		1B466C3B1CDC782200564BC0 /* grey.jpg */ = {isa = PBXFileReference; lastKnownFileType = image.jpeg; path = grey.jpg; sourceTree = "<group>"; };
		1B466C3C1CDC782200564BC0 /* img_sidebar_grey.jpg */ = {isa = PBXFileReference; lastKnownFileType = image.jpeg; path = img_sidebar_grey.jpg; sourceTree = "<group>"; };
		1B466C3D1CDC782200564BC0 /* img_sidebar_blue.png */ = {isa = PBXFileReference; lastKnownFileType = image.png; path = img_sidebar_blue.png; sourceTree = "<group>"; };
		1B466C3E1CDC782200564BC0 /* img_sidebar.png */ = {isa = PBXFileReference; lastKnownFileType = image.png; path = img_sidebar.png; sourceTree = "<group>"; };
		1B466C571CDD0C9E00564BC0 /* iTunesArtwork.png */ = {isa = PBXFileReference; lastKnownFileType = image.png; path = iTunesArtwork.png; sourceTree = "<group>"; };
		1B466C591CDE28F000564BC0 /* DAO.h */ = {isa = PBXFileReference; fileEncoding = 4; lastKnownFileType = sourcecode.c.h; path = DAO.h; sourceTree = "<group>"; };
		1B466C5A1CDE28F000564BC0 /* DAO.m */ = {isa = PBXFileReference; fileEncoding = 4; lastKnownFileType = sourcecode.c.objc; path = DAO.m; sourceTree = "<group>"; };
		1B466C5C1CDE2A9700564BC0 /* Paragraph+CoreDataProperties.h */ = {isa = PBXFileReference; fileEncoding = 4; lastKnownFileType = sourcecode.c.h; path = "Paragraph+CoreDataProperties.h"; sourceTree = "<group>"; };
		1B466C5D1CDE2A9700564BC0 /* Paragraph+CoreDataProperties.m */ = {isa = PBXFileReference; fileEncoding = 4; lastKnownFileType = sourcecode.c.objc; path = "Paragraph+CoreDataProperties.m"; sourceTree = "<group>"; };
		1B466C5E1CDE2A9700564BC0 /* Paragraph.h */ = {isa = PBXFileReference; fileEncoding = 4; lastKnownFileType = sourcecode.c.h; path = Paragraph.h; sourceTree = "<group>"; };
		1B466C5F1CDE2A9700564BC0 /* Paragraph.m */ = {isa = PBXFileReference; fileEncoding = 4; lastKnownFileType = sourcecode.c.objc; path = Paragraph.m; sourceTree = "<group>"; };
		1B8A09E01CF1D9290030BAEF /* VersionUpdate.sh */ = {isa = PBXFileReference; fileEncoding = 4; lastKnownFileType = text.script.sh; path = VersionUpdate.sh; sourceTree = "<group>"; };
		1B8A09EB1CF1E17D0030BAEF /* Version.h */ = {isa = PBXFileReference; fileEncoding = 4; lastKnownFileType = sourcecode.c.h; path = Version.h; sourceTree = "<group>"; };
		1BAE23C01CE328AD006D068C /* Gospel.entitlements */ = {isa = PBXFileReference; lastKnownFileType = text.xml; path = Gospel.entitlements; sourceTree = "<group>"; };
		1BAE23C11CE32E82006D068C /* README.md */ = {isa = PBXFileReference; fileEncoding = 4; lastKnownFileType = net.daringfireball.markdown; path = README.md; sourceTree = "<group>"; };
		1BAE23C31CE3457B006D068C /* WaitingViewController.h */ = {isa = PBXFileReference; fileEncoding = 4; lastKnownFileType = sourcecode.c.h; path = WaitingViewController.h; sourceTree = "<group>"; };
		1BAE23C41CE3457B006D068C /* WaitingViewController.m */ = {isa = PBXFileReference; fileEncoding = 4; lastKnownFileType = sourcecode.c.objc; path = WaitingViewController.m; sourceTree = "<group>"; };
		1BAE23C51CE3457B006D068C /* WaitingViewController.xib */ = {isa = PBXFileReference; fileEncoding = 4; lastKnownFileType = file.xib; path = WaitingViewController.xib; sourceTree = "<group>"; };
		1BAE23C91CE34637006D068C /* Cloud-icon.png */ = {isa = PBXFileReference; lastKnownFileType = image.png; path = "Cloud-icon.png"; sourceTree = "<group>"; };
		1BAE23CB1CE3B3D2006D068C /* day_nigh_hrt.png */ = {isa = PBXFileReference; lastKnownFileType = image.png; path = day_nigh_hrt.png; sourceTree = "<group>"; };
		1BAE23CC1CE3B3D2006D068C /* day_nigh_hrt_day.png */ = {isa = PBXFileReference; lastKnownFileType = image.png; path = day_nigh_hrt_day.png; sourceTree = "<group>"; };
		1BB76E3C1CFD78B000CA0958 /* InfoViewController.h */ = {isa = PBXFileReference; fileEncoding = 4; lastKnownFileType = sourcecode.c.h; path = InfoViewController.h; sourceTree = "<group>"; };
		1BB76E3D1CFD78B000CA0958 /* InfoViewController.m */ = {isa = PBXFileReference; fileEncoding = 4; lastKnownFileType = sourcecode.c.objc; path = InfoViewController.m; sourceTree = "<group>"; };
		1BB76E3E1CFD78B000CA0958 /* InfoViewController.xib */ = {isa = PBXFileReference; fileEncoding = 4; lastKnownFileType = file.xib; path = InfoViewController.xib; sourceTree = "<group>"; };
		1BB76E411CFD79F100CA0958 /* InfoText.rtf */ = {isa = PBXFileReference; fileEncoding = 4; lastKnownFileType = text.rtf; path = InfoText.rtf; sourceTree = "<group>"; };
		1BB76E461CFDDF0D00CA0958 /* acadnusx.ttf */ = {isa = PBXFileReference; lastKnownFileType = file; path = acadnusx.ttf; sourceTree = "<group>"; };
		1BB76E481CFDDF2100CA0958 /* litnusx.ttf */ = {isa = PBXFileReference; lastKnownFileType = file; path = litnusx.ttf; sourceTree = "<group>"; };
		1BB76E4D1CFDF8FB00CA0958 /* article1.rtf */ = {isa = PBXFileReference; fileEncoding = 4; lastKnownFileType = text.rtf; path = article1.rtf; sourceTree = "<group>"; };
		1BB76E501CFDF92400CA0958 /* article2.rtf */ = {isa = PBXFileReference; fileEncoding = 4; lastKnownFileType = text.rtf; path = article2.rtf; sourceTree = "<group>"; };
		1BB76E531CFDF95500CA0958 /* article3.rtf */ = {isa = PBXFileReference; fileEncoding = 4; lastKnownFileType = text.rtf; path = article3.rtf; sourceTree = "<group>"; };
		1BB76E561CFDF97D00CA0958 /* article4.rtf */ = {isa = PBXFileReference; fileEncoding = 4; lastKnownFileType = text.rtf; path = article4.rtf; sourceTree = "<group>"; };
		1BB76E591CFDF99C00CA0958 /* article5.rtf */ = {isa = PBXFileReference; fileEncoding = 4; lastKnownFileType = text.rtf; path = article5.rtf; sourceTree = "<group>"; };
		1BB76E5C1CFDF9B900CA0958 /* article6.rtf */ = {isa = PBXFileReference; fileEncoding = 4; lastKnownFileType = text.rtf; path = article6.rtf; sourceTree = "<group>"; };
		1BB76E5F1CFDF9D500CA0958 /* article7.rtf */ = {isa = PBXFileReference; fileEncoding = 4; lastKnownFileType = text.rtf; path = article7.rtf; sourceTree = "<group>"; };
		1BB76E621CFDFD3E00CA0958 /* article8.rtf */ = {isa = PBXFileReference; fileEncoding = 4; lastKnownFileType = text.rtf; path = article8.rtf; sourceTree = "<group>"; };
		1BB76E651CFDFD5E00CA0958 /* article9.rtf */ = {isa = PBXFileReference; fileEncoding = 4; lastKnownFileType = text.rtf; path = article9.rtf; sourceTree = "<group>"; };
		1BDD4BB21CE1D14E00DC0694 /* ShowCommentsViewController.h */ = {isa = PBXFileReference; fileEncoding = 4; lastKnownFileType = sourcecode.c.h; path = ShowCommentsViewController.h; sourceTree = "<group>"; };
		1BDD4BB31CE1D14E00DC0694 /* ShowCommentsViewController.m */ = {isa = PBXFileReference; fileEncoding = 4; lastKnownFileType = sourcecode.c.objc; path = ShowCommentsViewController.m; sourceTree = "<group>"; };
		8B852BCF1CC4D30F001BE270 /* Gospel.app */ = {isa = PBXFileReference; explicitFileType = wrapper.application; includeInIndex = 0; path = Gospel.app; sourceTree = BUILT_PRODUCTS_DIR; };
		8B852BD31CC4D30F001BE270 /* main.m */ = {isa = PBXFileReference; lastKnownFileType = sourcecode.c.objc; path = main.m; sourceTree = "<group>"; };
		8B852BD51CC4D30F001BE270 /* AppDelegate.h */ = {isa = PBXFileReference; lastKnownFileType = sourcecode.c.h; path = AppDelegate.h; sourceTree = "<group>"; };
		8B852BD61CC4D30F001BE270 /* AppDelegate.m */ = {isa = PBXFileReference; lastKnownFileType = sourcecode.c.objc; path = AppDelegate.m; sourceTree = "<group>"; };
		8B852BD81CC4D30F001BE270 /* ViewController.h */ = {isa = PBXFileReference; lastKnownFileType = sourcecode.c.h; path = ViewController.h; sourceTree = "<group>"; };
		8B852BD91CC4D30F001BE270 /* ViewController.m */ = {isa = PBXFileReference; lastKnownFileType = sourcecode.c.objc; path = ViewController.m; sourceTree = "<group>"; };
		8B852BDC1CC4D30F001BE270 /* Base */ = {isa = PBXFileReference; lastKnownFileType = file.storyboard; name = Base; path = Base.lproj/Main.storyboard; sourceTree = "<group>"; };
		8B852BDF1CC4D30F001BE270 /* Gospel.xcdatamodel */ = {isa = PBXFileReference; lastKnownFileType = wrapper.xcdatamodel; path = Gospel.xcdatamodel; sourceTree = "<group>"; };
		8B852BE11CC4D30F001BE270 /* Assets.xcassets */ = {isa = PBXFileReference; lastKnownFileType = folder.assetcatalog; path = Assets.xcassets; sourceTree = "<group>"; };
		8B852BE41CC4D30F001BE270 /* Base */ = {isa = PBXFileReference; lastKnownFileType = file.storyboard; name = Base; path = Base.lproj/LaunchScreen.storyboard; sourceTree = "<group>"; };
		8B852BE61CC4D30F001BE270 /* Info.plist */ = {isa = PBXFileReference; lastKnownFileType = text.plist.xml; path = Info.plist; sourceTree = "<group>"; };
		8BF1E3471CC4DE5E009DC8F2 /* icon_info.png */ = {isa = PBXFileReference; lastKnownFileType = image.png; path = icon_info.png; sourceTree = "<group>"; };
		8BF1E3481CC4DE5E009DC8F2 /* icon_lead.png */ = {isa = PBXFileReference; lastKnownFileType = image.png; path = icon_lead.png; sourceTree = "<group>"; };
		8BF1E3491CC4DE5E009DC8F2 /* icon_setting.png */ = {isa = PBXFileReference; lastKnownFileType = image.png; path = icon_setting.png; sourceTree = "<group>"; };
		8BF1E34A1CC4DE5E009DC8F2 /* icon_theme.png */ = {isa = PBXFileReference; lastKnownFileType = image.png; path = icon_theme.png; sourceTree = "<group>"; };
		8BF1E3511CC5FE02009DC8F2 /* icon_circle_red.png */ = {isa = PBXFileReference; lastKnownFileType = image.png; path = icon_circle_red.png; sourceTree = "<group>"; };
		8BF1E3521CC5FE02009DC8F2 /* img_detail.png */ = {isa = PBXFileReference; lastKnownFileType = image.png; path = img_detail.png; sourceTree = "<group>"; };
		8BF1E3531CC5FE02009DC8F2 /* img_text.png */ = {isa = PBXFileReference; lastKnownFileType = image.png; path = img_text.png; sourceTree = "<group>"; };
		8BF1E3571CC5FFDB009DC8F2 /* ListViewController.h */ = {isa = PBXFileReference; fileEncoding = 4; lastKnownFileType = sourcecode.c.h; path = ListViewController.h; sourceTree = "<group>"; };
		8BF1E3581CC5FFDB009DC8F2 /* ListViewController.m */ = {isa = PBXFileReference; fileEncoding = 4; lastKnownFileType = sourcecode.c.objc; path = ListViewController.m; sourceTree = "<group>"; };
		8BF1E35A1CC60028009DC8F2 /* ListTableViewCell.h */ = {isa = PBXFileReference; fileEncoding = 4; lastKnownFileType = sourcecode.c.h; path = ListTableViewCell.h; sourceTree = "<group>"; };
		8BF1E35B1CC60028009DC8F2 /* ListTableViewCell.m */ = {isa = PBXFileReference; fileEncoding = 4; lastKnownFileType = sourcecode.c.objc; path = ListTableViewCell.m; sourceTree = "<group>"; };
		8BF1E35E1CC609DC009DC8F2 /* icon_arrow.png */ = {isa = PBXFileReference; lastKnownFileType = image.png; path = icon_arrow.png; sourceTree = "<group>"; };
		8BF1E35F1CC609DC009DC8F2 /* icon_Back.png */ = {isa = PBXFileReference; lastKnownFileType = image.png; path = icon_Back.png; sourceTree = "<group>"; };
		8BF1E3601CC609DC009DC8F2 /* img_option.png */ = {isa = PBXFileReference; lastKnownFileType = image.png; path = img_option.png; sourceTree = "<group>"; };
		8BF1E3611CC609DC009DC8F2 /* txt_icloud.png */ = {isa = PBXFileReference; lastKnownFileType = image.png; path = txt_icloud.png; sourceTree = "<group>"; };
		8BF1E3621CC609DC009DC8F2 /* txt_reset.png */ = {isa = PBXFileReference; lastKnownFileType = image.png; path = txt_reset.png; sourceTree = "<group>"; };
		8BF1E3631CC609DC009DC8F2 /* txt_settings.png */ = {isa = PBXFileReference; lastKnownFileType = image.png; path = txt_settings.png; sourceTree = "<group>"; };
		8BF1E3641CC609DC009DC8F2 /* txt_tracking.png */ = {isa = PBXFileReference; lastKnownFileType = image.png; path = txt_tracking.png; sourceTree = "<group>"; };
		8BFEBE001CC6E8B400DDB4BE /* icon_Back_red.png */ = {isa = PBXFileReference; lastKnownFileType = image.png; path = icon_Back_red.png; sourceTree = "<group>"; };
		8BFEBE011CC6E8B400DDB4BE /* icon_upload_red.png */ = {isa = PBXFileReference; lastKnownFileType = image.png; path = icon_upload_red.png; sourceTree = "<group>"; };
		8BFEBE041CC6F80100DDB4BE /* icon_circle_blue.png */ = {isa = PBXFileReference; lastKnownFileType = image.png; path = icon_circle_blue.png; sourceTree = "<group>"; };
		8BFEBE081CC703F100DDB4BE /* ContentViewController.h */ = {isa = PBXFileReference; fileEncoding = 4; lastKnownFileType = sourcecode.c.h; path = ContentViewController.h; sourceTree = "<group>"; };
		8BFEBE091CC703F100DDB4BE /* ContentViewController.m */ = {isa = PBXFileReference; fileEncoding = 4; lastKnownFileType = sourcecode.c.objc; path = ContentViewController.m; sourceTree = "<group>"; };
		8BFEBE0B1CC706A500DDB4BE /* icon_upload_blue.png */ = {isa = PBXFileReference; lastKnownFileType = image.png; path = icon_upload_blue.png; sourceTree = "<group>"; };
		AED53ACE1CD8BEDC0043A1EB /* SettingsTableViewController.h */ = {isa = PBXFileReference; fileEncoding = 4; lastKnownFileType = sourcecode.c.h; path = SettingsTableViewController.h; sourceTree = "<group>"; };
		AED53ACF1CD8BEDC0043A1EB /* SettingsTableViewController.m */ = {isa = PBXFileReference; fileEncoding = 4; lastKnownFileType = sourcecode.c.objc; path = SettingsTableViewController.m; sourceTree = "<group>"; };
		AED53AD11CDBA47A0043A1EB /* lines3.png */ = {isa = PBXFileReference; lastKnownFileType = image.png; path = lines3.png; sourceTree = "<group>"; };
		AED53AD21CDBA47A0043A1EB /* lines1.png */ = {isa = PBXFileReference; lastKnownFileType = image.png; path = lines1.png; sourceTree = "<group>"; };
		AED53AD31CDBA47A0043A1EB /* font-size-big.png */ = {isa = PBXFileReference; lastKnownFileType = image.png; path = "font-size-big.png"; sourceTree = "<group>"; };
		AED53AD41CDBA47A0043A1EB /* font-size-small.png */ = {isa = PBXFileReference; lastKnownFileType = image.png; path = "font-size-small.png"; sourceTree = "<group>"; };
		AED53AD51CDBA47A0043A1EB /* lines2.png */ = {isa = PBXFileReference; lastKnownFileType = image.png; path = lines2.png; sourceTree = "<group>"; };
/* End PBXFileReference section */

/* Begin PBXFrameworksBuildPhase section */
		1B345F641CEB4C3F007AC1D9 /* Frameworks */ = {
			isa = PBXFrameworksBuildPhase;
			buildActionMask = 2147483647;
			files = (
			);
			runOnlyForDeploymentPostprocessing = 0;
		};
		8B852BCC1CC4D30F001BE270 /* Frameworks */ = {
			isa = PBXFrameworksBuildPhase;
			buildActionMask = 2147483647;
			files = (
				1B213CA11CD8EF5B00B8E673 /* MessageUI.framework in Frameworks */,
			);
			runOnlyForDeploymentPostprocessing = 0;
		};
/* End PBXFrameworksBuildPhase section */

/* Begin PBXGroup section */
		1B213C941CD8992900B8E673 /* Preferences */ = {
			isa = PBXGroup;
			children = (
				1B213C981CD8A81300B8E673 /* DebugPrint.h */,
				1B213C951CD8994500B8E673 /* Preferences.h */,
				1B213C961CD8994500B8E673 /* Preferences.m */,
			);
			name = Preferences;
			sourceTree = "<group>";
		};
		1B213C9B1CD8C86000B8E673 /* ProgressCircle */ = {
			isa = PBXGroup;
			children = (
				1B213C9C1CD8C88800B8E673 /* ProgressCircleView.h */,
				1B213C9D1CD8C88800B8E673 /* ProgressCircleView.m */,
			);
			name = ProgressCircle;
			sourceTree = "<group>";
		};
		1B213C9F1CD8E3F400B8E673 /* Data Model */ = {
			isa = PBXGroup;
			children = (
				8B852BDE1CC4D30F001BE270 /* Gospel.xcdatamodeld */,
				1B466C5C1CDE2A9700564BC0 /* Paragraph+CoreDataProperties.h */,
				1B466C5D1CDE2A9700564BC0 /* Paragraph+CoreDataProperties.m */,
				1B466C5E1CDE2A9700564BC0 /* Paragraph.h */,
				1B466C5F1CDE2A9700564BC0 /* Paragraph.m */,
				1B466C591CDE28F000564BC0 /* DAO.h */,
				1B466C5A1CDE28F000564BC0 /* DAO.m */,
			);
			name = "Data Model";
			sourceTree = "<group>";
		};
		1B213CA21CD8F03000B8E673 /* Utils */ = {
			isa = PBXGroup;
			children = (
				1B8A09DF1CF1D9070030BAEF /* Update Version */,
				1B213CA31CD8F03B00B8E673 /* SDIPhone */,
			);
			name = Utils;
			sourceTree = "<group>";
		};
		1B213CA31CD8F03B00B8E673 /* SDIPhone */ = {
			isa = PBXGroup;
			children = (
				1B213CA41CD8F06A00B8E673 /* SDiPhoneVersion.h */,
				1B213CA51CD8F06A00B8E673 /* SDiPhoneVersion.m */,
			);
			name = SDIPhone;
			sourceTree = "<group>";
		};
		1B213CA91CD9C51200B8E673 /* ThemeTuning */ = {
			isa = PBXGroup;
			children = (
				1B213CAA1CD9D54500B8E673 /* CircleIndicator.h */,
				1B213CAB1CD9D54500B8E673 /* CircleIndicator.m */,
				1B213CAD1CDA0DCB00B8E673 /* ThemeTuneViewController.h */,
				1B213CAE1CDA0DCB00B8E673 /* ThemeTuneViewController.m */,
				1B213CAF1CDA0DCB00B8E673 /* ThemeTuneViewController.xib */,
			);
			name = ThemeTuning;
			sourceTree = "<group>";
		};
		1B345F681CEB4C3F007AC1D9 /* GoSpelEditor */ = {
			isa = PBXGroup;
			children = (
				1B345F691CEB4C3F007AC1D9 /* EDAppDelegate.h */,
				1B345F6A1CEB4C3F007AC1D9 /* EDAppDelegate.m */,
				1B345F721CEB4C3F007AC1D9 /* Assets.xcassets */,
				1B345F741CEB4C40007AC1D9 /* MainMenu.xib */,
				1B345F771CEB4C40007AC1D9 /* Info.plist */,
				1B345F6C1CEB4C3F007AC1D9 /* Supporting Files */,
			);
			path = GoSpelEditor;
			sourceTree = "<group>";
		};
		1B345F6C1CEB4C3F007AC1D9 /* Supporting Files */ = {
			isa = PBXGroup;
			children = (
				1B345F6D1CEB4C3F007AC1D9 /* main.m */,
			);
			name = "Supporting Files";
			sourceTree = "<group>";
		};
		1B466C351CDC77A700564BC0 /* sidebars */ = {
			isa = PBXGroup;
			children = (
				1B466C361CDC782200564BC0 /* blue.jpg */,
				1B466C371CDC782200564BC0 /* img_sidebar_orange.jpg */,
				1B466C381CDC782200564BC0 /* orange.jpg */,
				1B466C391CDC782200564BC0 /* dark.jpg */,
				1B466C3A1CDC782200564BC0 /* img_sidebar_dark.jpg */,
				1B466C3B1CDC782200564BC0 /* grey.jpg */,
				1B466C3C1CDC782200564BC0 /* img_sidebar_grey.jpg */,
				1B466C3D1CDC782200564BC0 /* img_sidebar_blue.png */,
				1B466C3E1CDC782200564BC0 /* img_sidebar.png */,
				1B213C991CD8AF1C00B8E673 /* img_sidebar_black.png */,
			);
			name = sidebars;
			sourceTree = "<group>";
		};
		1B466C511CDC969E00564BC0 /* LaunchScreen */ = {
			isa = PBXGroup;
			children = (
				1B466C571CDD0C9E00564BC0 /* iTunesArtwork.png */,
				8B852BE31CC4D30F001BE270 /* LaunchScreen.storyboard */,
			);
			name = LaunchScreen;
			sourceTree = "<group>";
		};
		1B8A09DF1CF1D9070030BAEF /* Update Version */ = {
			isa = PBXGroup;
			children = (
				1B8A09E01CF1D9290030BAEF /* VersionUpdate.sh */,
				1B8A09EB1CF1E17D0030BAEF /* Version.h */,
			);
			name = "Update Version";
			sourceTree = "<group>";
		};
		1BAE23BF1CE3286A006D068C /* Frameworks */ = {
			isa = PBXGroup;
			children = (
				1B213CA01CD8EF5B00B8E673 /* MessageUI.framework */,
			);
			name = Frameworks;
			sourceTree = "<group>";
		};
		1BAE23C81CE34581006D068C /* WaitingViewController */ = {
			isa = PBXGroup;
			children = (
				1BAE23C31CE3457B006D068C /* WaitingViewController.h */,
				1BAE23C41CE3457B006D068C /* WaitingViewController.m */,
				1BAE23C51CE3457B006D068C /* WaitingViewController.xib */,
				1BAE23C91CE34637006D068C /* Cloud-icon.png */,
			);
			name = WaitingViewController;
			sourceTree = "<group>";
		};
		1BAE23CF1CE4771F006D068C /* Separators */ = {
			isa = PBXGroup;
			children = (
				1BAE23CB1CE3B3D2006D068C /* day_nigh_hrt.png */,
				1BAE23CC1CE3B3D2006D068C /* day_nigh_hrt_day.png */,
			);
			name = Separators;
			sourceTree = "<group>";
		};
		1BAE23D01CE4B501006D068C /* IconBack */ = {
			isa = PBXGroup;
			children = (
				8BFEBE001CC6E8B400DDB4BE /* icon_Back_red.png */,
				8BF1E35F1CC609DC009DC8F2 /* icon_Back.png */,
			);
			name = IconBack;
			sourceTree = "<group>";
		};
		1BB76E391CFD788F00CA0958 /* InfoView */ = {
			isa = PBXGroup;
			children = (
				1BB76E3C1CFD78B000CA0958 /* InfoViewController.h */,
				1BB76E3D1CFD78B000CA0958 /* InfoViewController.m */,
				1BB76E3E1CFD78B000CA0958 /* InfoViewController.xib */,
				1BB76E411CFD79F100CA0958 /* InfoText.rtf */,
			);
			name = InfoView;
			sourceTree = "<group>";
		};
		1BB76E451CFDDEB400CA0958 /* Fonts */ = {
			isa = PBXGroup;
			children = (
				1BB76E481CFDDF2100CA0958 /* litnusx.ttf */,
				1BB76E461CFDDF0D00CA0958 /* acadnusx.ttf */,
			);
			name = Fonts;
			sourceTree = "<group>";
		};
		1BB76E4C1CFDF8E700CA0958 /* demoText */ = {
			isa = PBXGroup;
			children = (
				1BB76E4D1CFDF8FB00CA0958 /* article1.rtf */,
				1BB76E501CFDF92400CA0958 /* article2.rtf */,
				1BB76E531CFDF95500CA0958 /* article3.rtf */,
				1BB76E561CFDF97D00CA0958 /* article4.rtf */,
				1BB76E591CFDF99C00CA0958 /* article5.rtf */,
				1BB76E5C1CFDF9B900CA0958 /* article6.rtf */,
				1BB76E5F1CFDF9D500CA0958 /* article7.rtf */,
				1BB76E621CFDFD3E00CA0958 /* article8.rtf */,
				1BB76E651CFDFD5E00CA0958 /* article9.rtf */,
			);
			name = demoText;
			sourceTree = "<group>";
		};
		8B852BC61CC4D30F001BE270 = {
			isa = PBXGroup;
			children = (
				1BAE23C11CE32E82006D068C /* README.md */,
				8B852BD11CC4D30F001BE270 /* Gospel */,
				1B345F681CEB4C3F007AC1D9 /* GoSpelEditor */,
				8B852BD01CC4D30F001BE270 /* Products */,
				1BAE23BF1CE3286A006D068C /* Frameworks */,
			);
			sourceTree = "<group>";
		};
		8B852BD01CC4D30F001BE270 /* Products */ = {
			isa = PBXGroup;
			children = (
				8B852BCF1CC4D30F001BE270 /* Gospel.app */,
				1B345F671CEB4C3F007AC1D9 /* GoSpelEditor.app */,
			);
			name = Products;
			sourceTree = "<group>";
		};
		8B852BD11CC4D30F001BE270 /* Gospel */ = {
			isa = PBXGroup;
			children = (
				1BAE23C01CE328AD006D068C /* Gospel.entitlements */,
				1B213CA21CD8F03000B8E673 /* Utils */,
				1B213C941CD8992900B8E673 /* Preferences */,
				8B8D06791CC4D44D003EAC28 /* Library */,
				8B8D067A1CC4D44D003EAC28 /* Resource */,
				8B8D067B1CC4D44D003EAC28 /* ViewControllers */,
				8B852BD51CC4D30F001BE270 /* AppDelegate.h */,
				8B852BD61CC4D30F001BE270 /* AppDelegate.m */,
				8B852BD81CC4D30F001BE270 /* ViewController.h */,
				8B852BD91CC4D30F001BE270 /* ViewController.m */,
				8B852BDB1CC4D30F001BE270 /* Main.storyboard */,
				8B852BE11CC4D30F001BE270 /* Assets.xcassets */,
				8B852BE61CC4D30F001BE270 /* Info.plist */,
				1B213C9F1CD8E3F400B8E673 /* Data Model */,
				8B852BD21CC4D30F001BE270 /* Supporting Files */,
			);
			path = Gospel;
			sourceTree = "<group>";
		};
		8B852BD21CC4D30F001BE270 /* Supporting Files */ = {
			isa = PBXGroup;
			children = (
				8B852BD31CC4D30F001BE270 /* main.m */,
				1B213CA71CD8F25E00B8E673 /* Localizable.strings */,
			);
			name = "Supporting Files";
			sourceTree = "<group>";
		};
		8B8D06791CC4D44D003EAC28 /* Library */ = {
			isa = PBXGroup;
			children = (
			);
			path = Library;
			sourceTree = "<group>";
		};
		8B8D067A1CC4D44D003EAC28 /* Resource */ = {
			isa = PBXGroup;
			children = (
				1BB76E4C1CFDF8E700CA0958 /* demoText */,
				1BB76E451CFDDEB400CA0958 /* Fonts */,
				1BAE23CF1CE4771F006D068C /* Separators */,
				1B466C351CDC77A700564BC0 /* sidebars */,
				AED53AD11CDBA47A0043A1EB /* lines3.png */,
				AED53AD21CDBA47A0043A1EB /* lines1.png */,
				AED53AD31CDBA47A0043A1EB /* font-size-big.png */,
				AED53AD41CDBA47A0043A1EB /* font-size-small.png */,
				AED53AD51CDBA47A0043A1EB /* lines2.png */,
				8BFEBE0B1CC706A500DDB4BE /* icon_upload_blue.png */,
				8BFEBE041CC6F80100DDB4BE /* icon_circle_blue.png */,
				1BAE23D01CE4B501006D068C /* IconBack */,
				8BFEBE011CC6E8B400DDB4BE /* icon_upload_red.png */,
				8BF1E35E1CC609DC009DC8F2 /* icon_arrow.png */,
				8BF1E3601CC609DC009DC8F2 /* img_option.png */,
				8BF1E3611CC609DC009DC8F2 /* txt_icloud.png */,
				8BF1E3621CC609DC009DC8F2 /* txt_reset.png */,
				8BF1E3631CC609DC009DC8F2 /* txt_settings.png */,
				8BF1E3641CC609DC009DC8F2 /* txt_tracking.png */,
				8BF1E3511CC5FE02009DC8F2 /* icon_circle_red.png */,
				8BF1E3521CC5FE02009DC8F2 /* img_detail.png */,
				8BF1E3531CC5FE02009DC8F2 /* img_text.png */,
				8BF1E3471CC4DE5E009DC8F2 /* icon_info.png */,
				8BF1E3481CC4DE5E009DC8F2 /* icon_lead.png */,
				8BF1E3491CC4DE5E009DC8F2 /* icon_setting.png */,
				8BF1E34A1CC4DE5E009DC8F2 /* icon_theme.png */,
			);
			path = Resource;
			sourceTree = "<group>";
		};
		8B8D067B1CC4D44D003EAC28 /* ViewControllers */ = {
			isa = PBXGroup;
			children = (
				1BB76E391CFD788F00CA0958 /* InfoView */,
				1B466C511CDC969E00564BC0 /* LaunchScreen */,
				1B213CA91CD9C51200B8E673 /* ThemeTuning */,
				1B213C9B1CD8C86000B8E673 /* ProgressCircle */,
				1BAE23C81CE34581006D068C /* WaitingViewController */,
				8BF1E3571CC5FFDB009DC8F2 /* ListViewController.h */,
				8BF1E3581CC5FFDB009DC8F2 /* ListViewController.m */,
				8BF1E35A1CC60028009DC8F2 /* ListTableViewCell.h */,
				8BF1E35B1CC60028009DC8F2 /* ListTableViewCell.m */,
				8BFEBE081CC703F100DDB4BE /* ContentViewController.h */,
				8BFEBE091CC703F100DDB4BE /* ContentViewController.m */,
				AED53ACE1CD8BEDC0043A1EB /* SettingsTableViewController.h */,
				AED53ACF1CD8BEDC0043A1EB /* SettingsTableViewController.m */,
				1BDD4BB21CE1D14E00DC0694 /* ShowCommentsViewController.h */,
				1BDD4BB31CE1D14E00DC0694 /* ShowCommentsViewController.m */,
			);
			path = ViewControllers;
			sourceTree = "<group>";
		};
/* End PBXGroup section */

/* Begin PBXNativeTarget section */
		1B345F661CEB4C3F007AC1D9 /* GoSpelEditor */ = {
			isa = PBXNativeTarget;
			buildConfigurationList = 1B345F7A1CEB4C40007AC1D9 /* Build configuration list for PBXNativeTarget "GoSpelEditor" */;
			buildPhases = (
				1B345F631CEB4C3F007AC1D9 /* Sources */,
				1B345F641CEB4C3F007AC1D9 /* Frameworks */,
				1B345F651CEB4C3F007AC1D9 /* Resources */,
			);
			buildRules = (
			);
			dependencies = (
			);
			name = GoSpelEditor;
			productName = GoSpelEditor;
			productReference = 1B345F671CEB4C3F007AC1D9 /* GoSpelEditor.app */;
			productType = "com.apple.product-type.application";
		};
		8B852BCE1CC4D30F001BE270 /* Gospel */ = {
			isa = PBXNativeTarget;
			buildConfigurationList = 8B852BE91CC4D30F001BE270 /* Build configuration list for PBXNativeTarget "Gospel" */;
			buildPhases = (
				8B852BCB1CC4D30F001BE270 /* Sources */,
				8B852BCC1CC4D30F001BE270 /* Frameworks */,
				8B852BCD1CC4D30F001BE270 /* Resources */,
			);
			buildRules = (
			);
			dependencies = (
				1B8A09E91CF1D9FD0030BAEF /* PBXTargetDependency */,
			);
			name = Gospel;
			productName = Gospel;
			productReference = 8B852BCF1CC4D30F001BE270 /* Gospel.app */;
			productType = "com.apple.product-type.application";
		};
/* End PBXNativeTarget section */

/* Begin PBXProject section */
		8B852BC71CC4D30F001BE270 /* Project object */ = {
			isa = PBXProject;
			attributes = {
				LastUpgradeCheck = 0720;
				ORGANIZATIONNAME = Aron;
				TargetAttributes = {
					1B345F661CEB4C3F007AC1D9 = {
						CreatedOnToolsVersion = 7.3.1;
					};
					1B8A09E31CF1D97F0030BAEF = {
						CreatedOnToolsVersion = 7.3.1;
					};
					8B852BCE1CC4D30F001BE270 = {
						CreatedOnToolsVersion = 7.2;
						DevelopmentTeam = UKBNTL7HA9;
						SystemCapabilities = {
							com.apple.iCloud = {
								enabled = 1;
							};
						};
					};
				};
			};
			buildConfigurationList = 8B852BCA1CC4D30F001BE270 /* Build configuration list for PBXProject "Gospel" */;
			compatibilityVersion = "Xcode 3.2";
			developmentRegion = English;
			hasScannedForEncodings = 0;
			knownRegions = (
				en,
				Base,
			);
			mainGroup = 8B852BC61CC4D30F001BE270;
			productRefGroup = 8B852BD01CC4D30F001BE270 /* Products */;
			projectDirPath = "";
			projectRoot = "";
			targets = (
				8B852BCE1CC4D30F001BE270 /* Gospel */,
				1B345F661CEB4C3F007AC1D9 /* GoSpelEditor */,
				1B8A09E31CF1D97F0030BAEF /* UpdateVersion */,
			);
		};
/* End PBXProject section */

/* Begin PBXResourcesBuildPhase section */
		1B345F651CEB4C3F007AC1D9 /* Resources */ = {
			isa = PBXResourcesBuildPhase;
			buildActionMask = 2147483647;
			files = (
				1B345F731CEB4C3F007AC1D9 /* Assets.xcassets in Resources */,
				1BB76E671CFDFD5E00CA0958 /* article9.rtf in Resources */,
				1BB76E611CFDF9D500CA0958 /* article7.rtf in Resources */,
				1BB76E521CFDF92400CA0958 /* article2.rtf in Resources */,
				1BB76E4F1CFDF8FB00CA0958 /* article1.rtf in Resources */,
				1B345F761CEB4C40007AC1D9 /* MainMenu.xib in Resources */,
				1BB76E4A1CFDDF2100CA0958 /* litnusx.ttf in Resources */,
				1BB76E5E1CFDF9B900CA0958 /* article6.rtf in Resources */,
				1BB76E551CFDF95500CA0958 /* article3.rtf in Resources */,
				1B345F7C1CEB4CD5007AC1D9 /* Gospel.entitlements in Resources */,
				1BB76E581CFDF97D00CA0958 /* article4.rtf in Resources */,
				1BB76E4B1CFDDF3400CA0958 /* acadnusx.ttf in Resources */,
				1BB76E5B1CFDF99C00CA0958 /* article5.rtf in Resources */,
				1BB76E641CFDFD3E00CA0958 /* article8.rtf in Resources */,
			);
			runOnlyForDeploymentPostprocessing = 0;
		};
		8B852BCD1CC4D30F001BE270 /* Resources */ = {
			isa = PBXResourcesBuildPhase;
			buildActionMask = 2147483647;
			files = (
				1B466C451CDC782200564BC0 /* img_sidebar_grey.jpg in Resources */,
				1BB76E491CFDDF2100CA0958 /* litnusx.ttf in Resources */,
				AED53AD71CDBA47A0043A1EB /* lines1.png in Resources */,
				8BF1E34C1CC4DE5E009DC8F2 /* icon_info.png in Resources */,
				8BF1E3691CC609DC009DC8F2 /* txt_reset.png in Resources */,
				1B466C581CDD0C9E00564BC0 /* iTunesArtwork.png in Resources */,
				AED53AD61CDBA47A0043A1EB /* lines3.png in Resources */,
				8BF1E3541CC5FE02009DC8F2 /* icon_circle_red.png in Resources */,
				8BF1E34E1CC4DE5E009DC8F2 /* icon_setting.png in Resources */,
				1BB76E601CFDF9D500CA0958 /* article7.rtf in Resources */,
				8BFEBE031CC6E8B400DDB4BE /* icon_upload_red.png in Resources */,
				1BAE23CA1CE34637006D068C /* Cloud-icon.png in Resources */,
				8BF1E3681CC609DC009DC8F2 /* txt_icloud.png in Resources */,
				8B852BE51CC4D30F001BE270 /* LaunchScreen.storyboard in Resources */,
				1BB76E401CFD78B000CA0958 /* InfoViewController.xib in Resources */,
				8BF1E36B1CC609DC009DC8F2 /* txt_tracking.png in Resources */,
				AED53AD81CDBA47A0043A1EB /* font-size-big.png in Resources */,
				1BB76E471CFDDF0D00CA0958 /* acadnusx.ttf in Resources */,
				1B213CA81CD8F25E00B8E673 /* Localizable.strings in Resources */,
				1BB76E631CFDFD3E00CA0958 /* article8.rtf in Resources */,
				8BF1E34F1CC4DE5E009DC8F2 /* icon_theme.png in Resources */,
				1B466C461CDC782200564BC0 /* img_sidebar_blue.png in Resources */,
				1B466C421CDC782200564BC0 /* dark.jpg in Resources */,
				8BFEBE021CC6E8B400DDB4BE /* icon_Back_red.png in Resources */,
				8BF1E3561CC5FE02009DC8F2 /* img_text.png in Resources */,
				1BB76E421CFD79F100CA0958 /* InfoText.rtf in Resources */,
				1B466C411CDC782200564BC0 /* orange.jpg in Resources */,
				1BAE23CD1CE3B3D2006D068C /* day_nigh_hrt.png in Resources */,
				1BAE23C71CE3457B006D068C /* WaitingViewController.xib in Resources */,
				1B8A09E21CF1D9290030BAEF /* VersionUpdate.sh in Resources */,
				AED53AD91CDBA47A0043A1EB /* font-size-small.png in Resources */,
				1BB76E4E1CFDF8FB00CA0958 /* article1.rtf in Resources */,
				8BF1E36A1CC609DC009DC8F2 /* txt_settings.png in Resources */,
				8BFEBE0C1CC706A500DDB4BE /* icon_upload_blue.png in Resources */,
				1BAE23CE1CE3B3D2006D068C /* day_nigh_hrt_day.png in Resources */,
				1BB76E541CFDF95500CA0958 /* article3.rtf in Resources */,
				8BFEBE061CC6F80100DDB4BE /* icon_circle_blue.png in Resources */,
				8BF1E34D1CC4DE5E009DC8F2 /* icon_lead.png in Resources */,
				1B466C471CDC782200564BC0 /* img_sidebar.png in Resources */,
				1B466C431CDC782200564BC0 /* img_sidebar_dark.jpg in Resources */,
				8BF1E3651CC609DC009DC8F2 /* icon_arrow.png in Resources */,
				1B466C441CDC782200564BC0 /* grey.jpg in Resources */,
				1B213C9A1CD8AF1C00B8E673 /* img_sidebar_black.png in Resources */,
				8BF1E3661CC609DC009DC8F2 /* icon_Back.png in Resources */,
				1B345F7B1CEB4CD4007AC1D9 /* Gospel.entitlements in Resources */,
				1BB76E5A1CFDF99C00CA0958 /* article5.rtf in Resources */,
				1B466C401CDC782200564BC0 /* img_sidebar_orange.jpg in Resources */,
				8BF1E3671CC609DC009DC8F2 /* img_option.png in Resources */,
				1B213CB11CDA0DCB00B8E673 /* ThemeTuneViewController.xib in Resources */,
				8B852BE21CC4D30F001BE270 /* Assets.xcassets in Resources */,
				1BB76E571CFDF97D00CA0958 /* article4.rtf in Resources */,
				1BB76E5D1CFDF9B900CA0958 /* article6.rtf in Resources */,
				1B466C3F1CDC782200564BC0 /* blue.jpg in Resources */,
				8BF1E3551CC5FE02009DC8F2 /* img_detail.png in Resources */,
				8B852BDD1CC4D30F001BE270 /* Main.storyboard in Resources */,
				1BB76E661CFDFD5E00CA0958 /* article9.rtf in Resources */,
				1BB76E511CFDF92400CA0958 /* article2.rtf in Resources */,
				AED53ADA1CDBA47A0043A1EB /* lines2.png in Resources */,
			);
			runOnlyForDeploymentPostprocessing = 0;
		};
/* End PBXResourcesBuildPhase section */

/* Begin PBXShellScriptBuildPhase section */
		1B8A09E71CF1D9920030BAEF /* ShellScript */ = {
			isa = PBXShellScriptBuildPhase;
			buildActionMask = 2147483647;
			files = (
			);
			inputPaths = (
			);
			outputPaths = (
			);
			runOnlyForDeploymentPostprocessing = 0;
			shellPath = /bin/sh;
			shellScript = "GIT_BRANCH=\"master\" PREFIX=\"XC_\" /bin/sh \"${PROJECT_DIR}/GoSpel/VersionUpdate.sh\" \"${PROJECT_DIR}/Version.h\"";
		};
/* End PBXShellScriptBuildPhase section */

/* Begin PBXSourcesBuildPhase section */
		1B345F631CEB4C3F007AC1D9 /* Sources */ = {
			isa = PBXSourcesBuildPhase;
			buildActionMask = 2147483647;
			files = (
				1B345F6E1CEB4C3F007AC1D9 /* main.m in Sources */,
				1B345F7E1CEB4D00007AC1D9 /* Paragraph+CoreDataProperties.m in Sources */,
				1B345F7D1CEB4CFB007AC1D9 /* Gospel.xcdatamodeld in Sources */,
				1B345F7F1CEB4D05007AC1D9 /* Paragraph.m in Sources */,
				1B345F6B1CEB4C3F007AC1D9 /* EDAppDelegate.m in Sources */,
				1B345F801CEB4D0B007AC1D9 /* DAO.m in Sources */,
			);
			runOnlyForDeploymentPostprocessing = 0;
		};
		8B852BCB1CC4D30F001BE270 /* Sources */ = {
			isa = PBXSourcesBuildPhase;
			buildActionMask = 2147483647;
			files = (
				1BAE23C61CE3457B006D068C /* WaitingViewController.m in Sources */,
				8BF1E3591CC5FFDB009DC8F2 /* ListViewController.m in Sources */,
				8B852BDA1CC4D30F001BE270 /* ViewController.m in Sources */,
				1B213CA61CD8F06A00B8E673 /* SDiPhoneVersion.m in Sources */,
				AED53AD01CD8BEDC0043A1EB /* SettingsTableViewController.m in Sources */,
				8B852BE01CC4D30F001BE270 /* Gospel.xcdatamodeld in Sources */,
				8BFEBE0A1CC703F100DDB4BE /* ContentViewController.m in Sources */,
				1B466C601CDE2A9700564BC0 /* Paragraph+CoreDataProperties.m in Sources */,
				1B466C5B1CDE28F000564BC0 /* DAO.m in Sources */,
				1B213C9E1CD8C88800B8E673 /* ProgressCircleView.m in Sources */,
				1B213CB01CDA0DCB00B8E673 /* ThemeTuneViewController.m in Sources */,
				1BB76E3F1CFD78B000CA0958 /* InfoViewController.m in Sources */,
				1BDD4BB41CE1D14E00DC0694 /* ShowCommentsViewController.m in Sources */,
				1B213CAC1CD9D54500B8E673 /* CircleIndicator.m in Sources */,
				8BF1E35C1CC60028009DC8F2 /* ListTableViewCell.m in Sources */,
				1B466C611CDE2A9700564BC0 /* Paragraph.m in Sources */,
				8B852BD71CC4D30F001BE270 /* AppDelegate.m in Sources */,
				8B852BD41CC4D30F001BE270 /* main.m in Sources */,
				1B213C971CD8994500B8E673 /* Preferences.m in Sources */,
			);
			runOnlyForDeploymentPostprocessing = 0;
		};
/* End PBXSourcesBuildPhase section */

/* Begin PBXTargetDependency section */
		1B8A09E91CF1D9FD0030BAEF /* PBXTargetDependency */ = {
			isa = PBXTargetDependency;
			target = 1B8A09E31CF1D97F0030BAEF /* UpdateVersion */;
			targetProxy = 1B8A09E81CF1D9FD0030BAEF /* PBXContainerItemProxy */;
		};
/* End PBXTargetDependency section */

/* Begin PBXVariantGroup section */
		1B345F741CEB4C40007AC1D9 /* MainMenu.xib */ = {
			isa = PBXVariantGroup;
			children = (
				1B345F751CEB4C40007AC1D9 /* Base */,
			);
			name = MainMenu.xib;
			sourceTree = "<group>";
		};
		8B852BDB1CC4D30F001BE270 /* Main.storyboard */ = {
			isa = PBXVariantGroup;
			children = (
				8B852BDC1CC4D30F001BE270 /* Base */,
			);
			name = Main.storyboard;
			sourceTree = "<group>";
		};
		8B852BE31CC4D30F001BE270 /* LaunchScreen.storyboard */ = {
			isa = PBXVariantGroup;
			children = (
				8B852BE41CC4D30F001BE270 /* Base */,
			);
			name = LaunchScreen.storyboard;
			path = ..;
			sourceTree = "<group>";
		};
/* End PBXVariantGroup section */

/* Begin XCBuildConfiguration section */
		1B345F781CEB4C40007AC1D9 /* Debug */ = {
			isa = XCBuildConfiguration;
			buildSettings = {
				ASSETCATALOG_COMPILER_APPICON_NAME = AppIcon;
				CLANG_ANALYZER_NONNULL = YES;
				CODE_SIGN_IDENTITY = "-";
				COMBINE_HIDPI_IMAGES = YES;
				GCC_PREPROCESSOR_DEFINITIONS = "GOBIBLEEDITOR=1";
				INFOPLIST_FILE = GoSpelEditor/Info.plist;
				LD_RUNPATH_SEARCH_PATHS = "$(inherited) @executable_path/../Frameworks";
				MACOSX_DEPLOYMENT_TARGET = 10.11;
				PRODUCT_BUNDLE_IDENTIFIER = geomatix.cz.GoSpelEditor;
				PRODUCT_NAME = "$(TARGET_NAME)";
				SDKROOT = macosx;
			};
			name = Debug;
		};
		1B345F791CEB4C40007AC1D9 /* Release */ = {
			isa = XCBuildConfiguration;
			buildSettings = {
				ASSETCATALOG_COMPILER_APPICON_NAME = AppIcon;
				CLANG_ANALYZER_NONNULL = YES;
				CODE_SIGN_IDENTITY = "-";
				COMBINE_HIDPI_IMAGES = YES;
				GCC_PREPROCESSOR_DEFINITIONS = "GOBIBLEEDITOR=1";
				INFOPLIST_FILE = GoSpelEditor/Info.plist;
				LD_RUNPATH_SEARCH_PATHS = "$(inherited) @executable_path/../Frameworks";
				MACOSX_DEPLOYMENT_TARGET = 10.11;
				PRODUCT_BUNDLE_IDENTIFIER = geomatix.cz.GoSpelEditor;
				PRODUCT_NAME = "$(TARGET_NAME)";
				SDKROOT = macosx;
			};
			name = Release;
		};
		1B8A09E51CF1D97F0030BAEF /* Debug */ = {
			isa = XCBuildConfiguration;
			buildSettings = {
				PRODUCT_NAME = "$(TARGET_NAME)";
			};
			name = Debug;
		};
		1B8A09E61CF1D97F0030BAEF /* Release */ = {
			isa = XCBuildConfiguration;
			buildSettings = {
				PRODUCT_NAME = "$(TARGET_NAME)";
			};
			name = Release;
		};
		8B852BE71CC4D30F001BE270 /* Debug */ = {
			isa = XCBuildConfiguration;
			buildSettings = {
				ALWAYS_SEARCH_USER_PATHS = NO;
				CLANG_CXX_LANGUAGE_STANDARD = "gnu++0x";
				CLANG_CXX_LIBRARY = "libc++";
				CLANG_ENABLE_MODULES = YES;
				CLANG_ENABLE_OBJC_ARC = YES;
				CLANG_WARN_BOOL_CONVERSION = YES;
				CLANG_WARN_CONSTANT_CONVERSION = YES;
				CLANG_WARN_DIRECT_OBJC_ISA_USAGE = YES_ERROR;
				CLANG_WARN_EMPTY_BODY = YES;
				CLANG_WARN_ENUM_CONVERSION = YES;
				CLANG_WARN_INT_CONVERSION = YES;
				CLANG_WARN_OBJC_ROOT_CLASS = YES_ERROR;
				CLANG_WARN_UNREACHABLE_CODE = YES;
				CLANG_WARN__DUPLICATE_METHOD_MATCH = YES;
				"CODE_SIGN_IDENTITY[sdk=iphoneos*]" = "iPhone Developer";
				COPY_PHASE_STRIP = NO;
				DEBUG_INFORMATION_FORMAT = dwarf;
				ENABLE_STRICT_OBJC_MSGSEND = YES;
				ENABLE_TESTABILITY = YES;
				GCC_C_LANGUAGE_STANDARD = gnu99;
				GCC_DYNAMIC_NO_PIC = NO;
				GCC_NO_COMMON_BLOCKS = YES;
				GCC_OPTIMIZATION_LEVEL = 0;
				GCC_PREPROCESSOR_DEFINITIONS = (
					"DEBUG=1",
					"$(inherited)",
				);
				GCC_WARN_64_TO_32_BIT_CONVERSION = YES;
				GCC_WARN_ABOUT_RETURN_TYPE = YES_ERROR;
				GCC_WARN_UNDECLARED_SELECTOR = YES;
				GCC_WARN_UNINITIALIZED_AUTOS = YES_AGGRESSIVE;
				GCC_WARN_UNUSED_FUNCTION = YES;
				GCC_WARN_UNUSED_VARIABLE = YES;
				IPHONEOS_DEPLOYMENT_TARGET = 9.2;
				MTL_ENABLE_DEBUG_INFO = YES;
				ONLY_ACTIVE_ARCH = YES;
				SDKROOT = iphoneos;
				TARGETED_DEVICE_FAMILY = "1,2";
			};
			name = Debug;
		};
		8B852BE81CC4D30F001BE270 /* Release */ = {
			isa = XCBuildConfiguration;
			buildSettings = {
				ALWAYS_SEARCH_USER_PATHS = NO;
				CLANG_CXX_LANGUAGE_STANDARD = "gnu++0x";
				CLANG_CXX_LIBRARY = "libc++";
				CLANG_ENABLE_MODULES = YES;
				CLANG_ENABLE_OBJC_ARC = YES;
				CLANG_WARN_BOOL_CONVERSION = YES;
				CLANG_WARN_CONSTANT_CONVERSION = YES;
				CLANG_WARN_DIRECT_OBJC_ISA_USAGE = YES_ERROR;
				CLANG_WARN_EMPTY_BODY = YES;
				CLANG_WARN_ENUM_CONVERSION = YES;
				CLANG_WARN_INT_CONVERSION = YES;
				CLANG_WARN_OBJC_ROOT_CLASS = YES_ERROR;
				CLANG_WARN_UNREACHABLE_CODE = YES;
				CLANG_WARN__DUPLICATE_METHOD_MATCH = YES;
				"CODE_SIGN_IDENTITY[sdk=iphoneos*]" = "iPhone Developer";
				COPY_PHASE_STRIP = NO;
				DEBUG_INFORMATION_FORMAT = "dwarf-with-dsym";
				ENABLE_NS_ASSERTIONS = NO;
				ENABLE_STRICT_OBJC_MSGSEND = YES;
				GCC_C_LANGUAGE_STANDARD = gnu99;
				GCC_NO_COMMON_BLOCKS = YES;
				GCC_WARN_64_TO_32_BIT_CONVERSION = YES;
				GCC_WARN_ABOUT_RETURN_TYPE = YES_ERROR;
				GCC_WARN_UNDECLARED_SELECTOR = YES;
				GCC_WARN_UNINITIALIZED_AUTOS = YES_AGGRESSIVE;
				GCC_WARN_UNUSED_FUNCTION = YES;
				GCC_WARN_UNUSED_VARIABLE = YES;
				IPHONEOS_DEPLOYMENT_TARGET = 9.2;
				MTL_ENABLE_DEBUG_INFO = NO;
				SDKROOT = iphoneos;
				TARGETED_DEVICE_FAMILY = "1,2";
				VALIDATE_PRODUCT = YES;
			};
			name = Release;
		};
		8B852BEA1CC4D30F001BE270 /* Debug */ = {
			isa = XCBuildConfiguration;
			buildSettings = {
				ASSETCATALOG_COMPILER_APPICON_NAME = AppIcon;
				CODE_SIGN_ENTITLEMENTS = Gospel/Gospel.entitlements;
				INFOPLIST_FILE = Gospel/Info.plist;
				INFOPLIST_PREFIX_HEADER = Version.h;
				INFOPLIST_PREPROCESS = YES;
				IPHONEOS_DEPLOYMENT_TARGET = 8.0;
				LD_RUNPATH_SEARCH_PATHS = "$(inherited) @executable_path/Frameworks";
				PRODUCT_BUNDLE_IDENTIFIER = com.alex.Gospel;
				PRODUCT_NAME = "$(TARGET_NAME)";
			};
			name = Debug;
		};
		8B852BEB1CC4D30F001BE270 /* Release */ = {
			isa = XCBuildConfiguration;
			buildSettings = {
				ASSETCATALOG_COMPILER_APPICON_NAME = AppIcon;
				CODE_SIGN_ENTITLEMENTS = Gospel/Gospel.entitlements;
				INFOPLIST_FILE = Gospel/Info.plist;
				INFOPLIST_PREFIX_HEADER = Version.h;
				INFOPLIST_PREPROCESS = YES;
				IPHONEOS_DEPLOYMENT_TARGET = 8.0;
				LD_RUNPATH_SEARCH_PATHS = "$(inherited) @executable_path/Frameworks";
				PRODUCT_BUNDLE_IDENTIFIER = com.alex.Gospel;
				PRODUCT_NAME = "$(TARGET_NAME)";
			};
			name = Release;
		};
/* End XCBuildConfiguration section */

/* Begin XCConfigurationList section */
		1B345F7A1CEB4C40007AC1D9 /* Build configuration list for PBXNativeTarget "GoSpelEditor" */ = {
			isa = XCConfigurationList;
			buildConfigurations = (
				1B345F781CEB4C40007AC1D9 /* Debug */,
				1B345F791CEB4C40007AC1D9 /* Release */,
			);
			defaultConfigurationIsVisible = 0;
			defaultConfigurationName = Release;
		};
		1B8A09E41CF1D97F0030BAEF /* Build configuration list for PBXAggregateTarget "UpdateVersion" */ = {
			isa = XCConfigurationList;
			buildConfigurations = (
				1B8A09E51CF1D97F0030BAEF /* Debug */,
				1B8A09E61CF1D97F0030BAEF /* Release */,
			);
			defaultConfigurationIsVisible = 0;
			defaultConfigurationName = Release;
		};
		8B852BCA1CC4D30F001BE270 /* Build configuration list for PBXProject "Gospel" */ = {
			isa = XCConfigurationList;
			buildConfigurations = (
				8B852BE71CC4D30F001BE270 /* Debug */,
				8B852BE81CC4D30F001BE270 /* Release */,
			);
			defaultConfigurationIsVisible = 0;
			defaultConfigurationName = Release;
		};
		8B852BE91CC4D30F001BE270 /* Build configuration list for PBXNativeTarget "Gospel" */ = {
			isa = XCConfigurationList;
			buildConfigurations = (
				8B852BEA1CC4D30F001BE270 /* Debug */,
				8B852BEB1CC4D30F001BE270 /* Release */,
			);
			defaultConfigurationIsVisible = 0;
			defaultConfigurationName = Release;
		};
/* End XCConfigurationList section */

/* Begin XCVersionGroup section */
		8B852BDE1CC4D30F001BE270 /* Gospel.xcdatamodeld */ = {
			isa = XCVersionGroup;
			children = (
				8B852BDF1CC4D30F001BE270 /* Gospel.xcdatamodel */,
			);
			currentVersion = 8B852BDF1CC4D30F001BE270 /* Gospel.xcdatamodel */;
			path = Gospel.xcdatamodeld;
			sourceTree = "<group>";
			versionGroupType = wrapper.xcdatamodel;
		};
/* End XCVersionGroup section */
	};
	rootObject = 8B852BC71CC4D30F001BE270 /* Project object */;
}
