// !$*UTF8*$!
{
	archiveVersion = 1;
	classes = {
	};
	objectVersion = 46;
	objects = {

/* Begin PBXBuildFile section */
		1B213C971CD8994500B8E673 /* Preferences.m in Sources */ = {isa = PBXBuildFile; fileRef = 1B213C961CD8994500B8E673 /* Preferences.m */; };
		1B213C9A1CD8AF1C00B8E673 /* img_sidebar_black.png in Resources */ = {isa = PBXBuildFile; fileRef = 1B213C991CD8AF1C00B8E673 /* img_sidebar_black.png */; };
		1B213C9E1CD8C88800B8E673 /* ProgressCircleView.m in Sources */ = {isa = PBXBuildFile; fileRef = 1B213C9D1CD8C88800B8E673 /* ProgressCircleView.m */; };
		8B852BD41CC4D30F001BE270 /* main.m in Sources */ = {isa = PBXBuildFile; fileRef = 8B852BD31CC4D30F001BE270 /* main.m */; };
		8B852BD71CC4D30F001BE270 /* AppDelegate.m in Sources */ = {isa = PBXBuildFile; fileRef = 8B852BD61CC4D30F001BE270 /* AppDelegate.m */; };
		8B852BDA1CC4D30F001BE270 /* ViewController.m in Sources */ = {isa = PBXBuildFile; fileRef = 8B852BD91CC4D30F001BE270 /* ViewController.m */; };
		8B852BDD1CC4D30F001BE270 /* Main.storyboard in Resources */ = {isa = PBXBuildFile; fileRef = 8B852BDB1CC4D30F001BE270 /* Main.storyboard */; };
		8B852BE01CC4D30F001BE270 /* Gospel.xcdatamodeld in Sources */ = {isa = PBXBuildFile; fileRef = 8B852BDE1CC4D30F001BE270 /* Gospel.xcdatamodeld */; };
		8B852BE21CC4D30F001BE270 /* Assets.xcassets in Resources */ = {isa = PBXBuildFile; fileRef = 8B852BE11CC4D30F001BE270 /* Assets.xcassets */; };
		8B852BE51CC4D30F001BE270 /* LaunchScreen.storyboard in Resources */ = {isa = PBXBuildFile; fileRef = 8B852BE31CC4D30F001BE270 /* LaunchScreen.storyboard */; };
		8BF1E34C1CC4DE5E009DC8F2 /* icon_info.png in Resources */ = {isa = PBXBuildFile; fileRef = 8BF1E3471CC4DE5E009DC8F2 /* icon_info.png */; };
		8BF1E34D1CC4DE5E009DC8F2 /* icon_lead.png in Resources */ = {isa = PBXBuildFile; fileRef = 8BF1E3481CC4DE5E009DC8F2 /* icon_lead.png */; };
		8BF1E34E1CC4DE5E009DC8F2 /* icon_setting.png in Resources */ = {isa = PBXBuildFile; fileRef = 8BF1E3491CC4DE5E009DC8F2 /* icon_setting.png */; };
		8BF1E34F1CC4DE5E009DC8F2 /* icon_theme.png in Resources */ = {isa = PBXBuildFile; fileRef = 8BF1E34A1CC4DE5E009DC8F2 /* icon_theme.png */; };
		8BF1E3501CC4DE5E009DC8F2 /* img_sidebar.png in Resources */ = {isa = PBXBuildFile; fileRef = 8BF1E34B1CC4DE5E009DC8F2 /* img_sidebar.png */; };
		8BF1E3541CC5FE02009DC8F2 /* icon_circle_red.png in Resources */ = {isa = PBXBuildFile; fileRef = 8BF1E3511CC5FE02009DC8F2 /* icon_circle_red.png */; };
		8BF1E3551CC5FE02009DC8F2 /* img_detail.png in Resources */ = {isa = PBXBuildFile; fileRef = 8BF1E3521CC5FE02009DC8F2 /* img_detail.png */; };
		8BF1E3561CC5FE02009DC8F2 /* img_text.png in Resources */ = {isa = PBXBuildFile; fileRef = 8BF1E3531CC5FE02009DC8F2 /* img_text.png */; };
		8BF1E3591CC5FFDB009DC8F2 /* ListViewController.m in Sources */ = {isa = PBXBuildFile; fileRef = 8BF1E3581CC5FFDB009DC8F2 /* ListViewController.m */; };
		8BF1E35C1CC60028009DC8F2 /* ListTableViewCell.m in Sources */ = {isa = PBXBuildFile; fileRef = 8BF1E35B1CC60028009DC8F2 /* ListTableViewCell.m */; };
		8BF1E3651CC609DC009DC8F2 /* icon_arrow.png in Resources */ = {isa = PBXBuildFile; fileRef = 8BF1E35E1CC609DC009DC8F2 /* icon_arrow.png */; };
		8BF1E3661CC609DC009DC8F2 /* icon_Back.png in Resources */ = {isa = PBXBuildFile; fileRef = 8BF1E35F1CC609DC009DC8F2 /* icon_Back.png */; };
		8BF1E3671CC609DC009DC8F2 /* img_option.png in Resources */ = {isa = PBXBuildFile; fileRef = 8BF1E3601CC609DC009DC8F2 /* img_option.png */; };
		8BF1E3681CC609DC009DC8F2 /* txt_icloud.png in Resources */ = {isa = PBXBuildFile; fileRef = 8BF1E3611CC609DC009DC8F2 /* txt_icloud.png */; };
		8BF1E3691CC609DC009DC8F2 /* txt_reset.png in Resources */ = {isa = PBXBuildFile; fileRef = 8BF1E3621CC609DC009DC8F2 /* txt_reset.png */; };
		8BF1E36A1CC609DC009DC8F2 /* txt_settings.png in Resources */ = {isa = PBXBuildFile; fileRef = 8BF1E3631CC609DC009DC8F2 /* txt_settings.png */; };
		8BF1E36B1CC609DC009DC8F2 /* txt_tracking.png in Resources */ = {isa = PBXBuildFile; fileRef = 8BF1E3641CC609DC009DC8F2 /* txt_tracking.png */; };
		8BF1E36E1CC60ADF009DC8F2 /* SettingViewController.m in Sources */ = {isa = PBXBuildFile; fileRef = 8BF1E36D1CC60ADF009DC8F2 /* SettingViewController.m */; };
		8BFEBE021CC6E8B400DDB4BE /* icon_Back_red.png in Resources */ = {isa = PBXBuildFile; fileRef = 8BFEBE001CC6E8B400DDB4BE /* icon_Back_red.png */; };
		8BFEBE031CC6E8B400DDB4BE /* icon_upload_red.png in Resources */ = {isa = PBXBuildFile; fileRef = 8BFEBE011CC6E8B400DDB4BE /* icon_upload_red.png */; };
		8BFEBE061CC6F80100DDB4BE /* icon_circle_blue.png in Resources */ = {isa = PBXBuildFile; fileRef = 8BFEBE041CC6F80100DDB4BE /* icon_circle_blue.png */; };
		8BFEBE071CC6F80100DDB4BE /* img_sidebar_blue.png in Resources */ = {isa = PBXBuildFile; fileRef = 8BFEBE051CC6F80100DDB4BE /* img_sidebar_blue.png */; };
		8BFEBE0A1CC703F100DDB4BE /* ContentViewController.m in Sources */ = {isa = PBXBuildFile; fileRef = 8BFEBE091CC703F100DDB4BE /* ContentViewController.m */; };
		8BFEBE0C1CC706A500DDB4BE /* icon_upload_blue.png in Resources */ = {isa = PBXBuildFile; fileRef = 8BFEBE0B1CC706A500DDB4BE /* icon_upload_blue.png */; };
/* End PBXBuildFile section */

/* Begin PBXFileReference section */
		1B213C951CD8994500B8E673 /* Preferences.h */ = {isa = PBXFileReference; fileEncoding = 4; lastKnownFileType = sourcecode.c.h; path = Preferences.h; sourceTree = "<group>"; };
		1B213C961CD8994500B8E673 /* Preferences.m */ = {isa = PBXFileReference; fileEncoding = 4; lastKnownFileType = sourcecode.c.objc; path = Preferences.m; sourceTree = "<group>"; };
		1B213C981CD8A81300B8E673 /* DebugPrint.h */ = {isa = PBXFileReference; lastKnownFileType = sourcecode.c.h; path = DebugPrint.h; sourceTree = "<group>"; };
		1B213C991CD8AF1C00B8E673 /* img_sidebar_black.png */ = {isa = PBXFileReference; lastKnownFileType = image.png; path = img_sidebar_black.png; sourceTree = "<group>"; };
		1B213C9C1CD8C88800B8E673 /* ProgressCircleView.h */ = {isa = PBXFileReference; fileEncoding = 4; lastKnownFileType = sourcecode.c.h; path = ProgressCircleView.h; sourceTree = "<group>"; };
		1B213C9D1CD8C88800B8E673 /* ProgressCircleView.m */ = {isa = PBXFileReference; fileEncoding = 4; lastKnownFileType = sourcecode.c.objc; path = ProgressCircleView.m; sourceTree = "<group>"; };
		8B852BCF1CC4D30F001BE270 /* Gospel.app */ = {isa = PBXFileReference; explicitFileType = wrapper.application; includeInIndex = 0; path = Gospel.app; sourceTree = BUILT_PRODUCTS_DIR; };
		8B852BD31CC4D30F001BE270 /* main.m */ = {isa = PBXFileReference; lastKnownFileType = sourcecode.c.objc; path = main.m; sourceTree = "<group>"; };
		8B852BD51CC4D30F001BE270 /* AppDelegate.h */ = {isa = PBXFileReference; lastKnownFileType = sourcecode.c.h; path = AppDelegate.h; sourceTree = "<group>"; };
		8B852BD61CC4D30F001BE270 /* AppDelegate.m */ = {isa = PBXFileReference; lastKnownFileType = sourcecode.c.objc; path = AppDelegate.m; sourceTree = "<group>"; };
		8B852BD81CC4D30F001BE270 /* ViewController.h */ = {isa = PBXFileReference; lastKnownFileType = sourcecode.c.h; path = ViewController.h; sourceTree = "<group>"; };
		8B852BD91CC4D30F001BE270 /* ViewController.m */ = {isa = PBXFileReference; lastKnownFileType = sourcecode.c.objc; path = ViewController.m; sourceTree = "<group>"; };
		8B852BDC1CC4D30F001BE270 /* Base */ = {isa = PBXFileReference; lastKnownFileType = file.storyboard; name = Base; path = Base.lproj/Main.storyboard; sourceTree = "<group>"; };
		8B852BDF1CC4D30F001BE270 /* Gospel.xcdatamodel */ = {isa = PBXFileReference; lastKnownFileType = wrapper.xcdatamodel; path = Gospel.xcdatamodel; sourceTree = "<group>"; };
		8B852BE11CC4D30F001BE270 /* Assets.xcassets */ = {isa = PBXFileReference; lastKnownFileType = folder.assetcatalog; path = Assets.xcassets; sourceTree = "<group>"; };
		8B852BE41CC4D30F001BE270 /* Base */ = {isa = PBXFileReference; lastKnownFileType = file.storyboard; name = Base; path = Base.lproj/LaunchScreen.storyboard; sourceTree = "<group>"; };
		8B852BE61CC4D30F001BE270 /* Info.plist */ = {isa = PBXFileReference; lastKnownFileType = text.plist.xml; path = Info.plist; sourceTree = "<group>"; };
		8BF1E3471CC4DE5E009DC8F2 /* icon_info.png */ = {isa = PBXFileReference; lastKnownFileType = image.png; path = icon_info.png; sourceTree = "<group>"; };
		8BF1E3481CC4DE5E009DC8F2 /* icon_lead.png */ = {isa = PBXFileReference; lastKnownFileType = image.png; path = icon_lead.png; sourceTree = "<group>"; };
		8BF1E3491CC4DE5E009DC8F2 /* icon_setting.png */ = {isa = PBXFileReference; lastKnownFileType = image.png; path = icon_setting.png; sourceTree = "<group>"; };
		8BF1E34A1CC4DE5E009DC8F2 /* icon_theme.png */ = {isa = PBXFileReference; lastKnownFileType = image.png; path = icon_theme.png; sourceTree = "<group>"; };
		8BF1E34B1CC4DE5E009DC8F2 /* img_sidebar.png */ = {isa = PBXFileReference; lastKnownFileType = image.png; path = img_sidebar.png; sourceTree = "<group>"; };
		8BF1E3511CC5FE02009DC8F2 /* icon_circle_red.png */ = {isa = PBXFileReference; lastKnownFileType = image.png; path = icon_circle_red.png; sourceTree = "<group>"; };
		8BF1E3521CC5FE02009DC8F2 /* img_detail.png */ = {isa = PBXFileReference; lastKnownFileType = image.png; path = img_detail.png; sourceTree = "<group>"; };
		8BF1E3531CC5FE02009DC8F2 /* img_text.png */ = {isa = PBXFileReference; lastKnownFileType = image.png; path = img_text.png; sourceTree = "<group>"; };
		8BF1E3571CC5FFDB009DC8F2 /* ListViewController.h */ = {isa = PBXFileReference; fileEncoding = 4; lastKnownFileType = sourcecode.c.h; path = ListViewController.h; sourceTree = "<group>"; };
		8BF1E3581CC5FFDB009DC8F2 /* ListViewController.m */ = {isa = PBXFileReference; fileEncoding = 4; lastKnownFileType = sourcecode.c.objc; path = ListViewController.m; sourceTree = "<group>"; };
		8BF1E35A1CC60028009DC8F2 /* ListTableViewCell.h */ = {isa = PBXFileReference; fileEncoding = 4; lastKnownFileType = sourcecode.c.h; path = ListTableViewCell.h; sourceTree = "<group>"; };
		8BF1E35B1CC60028009DC8F2 /* ListTableViewCell.m */ = {isa = PBXFileReference; fileEncoding = 4; lastKnownFileType = sourcecode.c.objc; path = ListTableViewCell.m; sourceTree = "<group>"; };
		8BF1E35E1CC609DC009DC8F2 /* icon_arrow.png */ = {isa = PBXFileReference; lastKnownFileType = image.png; path = icon_arrow.png; sourceTree = "<group>"; };
		8BF1E35F1CC609DC009DC8F2 /* icon_Back.png */ = {isa = PBXFileReference; lastKnownFileType = image.png; path = icon_Back.png; sourceTree = "<group>"; };
		8BF1E3601CC609DC009DC8F2 /* img_option.png */ = {isa = PBXFileReference; lastKnownFileType = image.png; path = img_option.png; sourceTree = "<group>"; };
		8BF1E3611CC609DC009DC8F2 /* txt_icloud.png */ = {isa = PBXFileReference; lastKnownFileType = image.png; path = txt_icloud.png; sourceTree = "<group>"; };
		8BF1E3621CC609DC009DC8F2 /* txt_reset.png */ = {isa = PBXFileReference; lastKnownFileType = image.png; path = txt_reset.png; sourceTree = "<group>"; };
		8BF1E3631CC609DC009DC8F2 /* txt_settings.png */ = {isa = PBXFileReference; lastKnownFileType = image.png; path = txt_settings.png; sourceTree = "<group>"; };
		8BF1E3641CC609DC009DC8F2 /* txt_tracking.png */ = {isa = PBXFileReference; lastKnownFileType = image.png; path = txt_tracking.png; sourceTree = "<group>"; };
		8BF1E36C1CC60ADF009DC8F2 /* SettingViewController.h */ = {isa = PBXFileReference; fileEncoding = 4; lastKnownFileType = sourcecode.c.h; path = SettingViewController.h; sourceTree = "<group>"; };
		8BF1E36D1CC60ADF009DC8F2 /* SettingViewController.m */ = {isa = PBXFileReference; fileEncoding = 4; lastKnownFileType = sourcecode.c.objc; path = SettingViewController.m; sourceTree = "<group>"; };
		8BFEBE001CC6E8B400DDB4BE /* icon_Back_red.png */ = {isa = PBXFileReference; lastKnownFileType = image.png; path = icon_Back_red.png; sourceTree = "<group>"; };
		8BFEBE011CC6E8B400DDB4BE /* icon_upload_red.png */ = {isa = PBXFileReference; lastKnownFileType = image.png; path = icon_upload_red.png; sourceTree = "<group>"; };
		8BFEBE041CC6F80100DDB4BE /* icon_circle_blue.png */ = {isa = PBXFileReference; lastKnownFileType = image.png; path = icon_circle_blue.png; sourceTree = "<group>"; };
		8BFEBE051CC6F80100DDB4BE /* img_sidebar_blue.png */ = {isa = PBXFileReference; lastKnownFileType = image.png; path = img_sidebar_blue.png; sourceTree = "<group>"; };
		8BFEBE081CC703F100DDB4BE /* ContentViewController.h */ = {isa = PBXFileReference; fileEncoding = 4; lastKnownFileType = sourcecode.c.h; path = ContentViewController.h; sourceTree = "<group>"; };
		8BFEBE091CC703F100DDB4BE /* ContentViewController.m */ = {isa = PBXFileReference; fileEncoding = 4; lastKnownFileType = sourcecode.c.objc; path = ContentViewController.m; sourceTree = "<group>"; };
		8BFEBE0B1CC706A500DDB4BE /* icon_upload_blue.png */ = {isa = PBXFileReference; lastKnownFileType = image.png; path = icon_upload_blue.png; sourceTree = "<group>"; };
/* End PBXFileReference section */

/* Begin PBXFrameworksBuildPhase section */
		8B852BCC1CC4D30F001BE270 /* Frameworks */ = {
			isa = PBXFrameworksBuildPhase;
			buildActionMask = 2147483647;
			files = (
			);
			runOnlyForDeploymentPostprocessing = 0;
		};
/* End PBXFrameworksBuildPhase section */

/* Begin PBXGroup section */
		1B213C941CD8992900B8E673 /* Preferences */ = {
			isa = PBXGroup;
			children = (
				1B213C981CD8A81300B8E673 /* DebugPrint.h */,
				1B213C951CD8994500B8E673 /* Preferences.h */,
				1B213C961CD8994500B8E673 /* Preferences.m */,
			);
			name = Preferences;
			sourceTree = "<group>";
		};
		1B213C9B1CD8C86000B8E673 /* ProgressCircle */ = {
			isa = PBXGroup;
			children = (
				1B213C9C1CD8C88800B8E673 /* ProgressCircleView.h */,
				1B213C9D1CD8C88800B8E673 /* ProgressCircleView.m */,
			);
			name = ProgressCircle;
			sourceTree = "<group>";
		};
		8B852BC61CC4D30F001BE270 = {
			isa = PBXGroup;
			children = (
				8B852BD11CC4D30F001BE270 /* Gospel */,
				8B852BD01CC4D30F001BE270 /* Products */,
			);
			sourceTree = "<group>";
		};
		8B852BD01CC4D30F001BE270 /* Products */ = {
			isa = PBXGroup;
			children = (
				8B852BCF1CC4D30F001BE270 /* Gospel.app */,
			);
			name = Products;
			sourceTree = "<group>";
		};
		8B852BD11CC4D30F001BE270 /* Gospel */ = {
			isa = PBXGroup;
			children = (
				1B213C941CD8992900B8E673 /* Preferences */,
				8B8D06791CC4D44D003EAC28 /* Library */,
				8B8D067A1CC4D44D003EAC28 /* Resource */,
				8B8D067B1CC4D44D003EAC28 /* ViewControllers */,
				8B852BD51CC4D30F001BE270 /* AppDelegate.h */,
				8B852BD61CC4D30F001BE270 /* AppDelegate.m */,
				8B852BD81CC4D30F001BE270 /* ViewController.h */,
				8B852BD91CC4D30F001BE270 /* ViewController.m */,
				8B852BDB1CC4D30F001BE270 /* Main.storyboard */,
				8B852BE11CC4D30F001BE270 /* Assets.xcassets */,
				8B852BE31CC4D30F001BE270 /* LaunchScreen.storyboard */,
				8B852BE61CC4D30F001BE270 /* Info.plist */,
				8B852BDE1CC4D30F001BE270 /* Gospel.xcdatamodeld */,
				8B852BD21CC4D30F001BE270 /* Supporting Files */,
			);
			path = Gospel;
			sourceTree = "<group>";
		};
		8B852BD21CC4D30F001BE270 /* Supporting Files */ = {
			isa = PBXGroup;
			children = (
				8B852BD31CC4D30F001BE270 /* main.m */,
			);
			name = "Supporting Files";
			sourceTree = "<group>";
		};
		8B8D06791CC4D44D003EAC28 /* Library */ = {
			isa = PBXGroup;
			children = (
			);
			path = Library;
			sourceTree = "<group>";
		};
		8B8D067A1CC4D44D003EAC28 /* Resource */ = {
			isa = PBXGroup;
			children = (
				1B213C991CD8AF1C00B8E673 /* img_sidebar_black.png */,
				8BFEBE0B1CC706A500DDB4BE /* icon_upload_blue.png */,
				8BFEBE041CC6F80100DDB4BE /* icon_circle_blue.png */,
				8BFEBE051CC6F80100DDB4BE /* img_sidebar_blue.png */,
				8BFEBE001CC6E8B400DDB4BE /* icon_Back_red.png */,
				8BFEBE011CC6E8B400DDB4BE /* icon_upload_red.png */,
				8BF1E35E1CC609DC009DC8F2 /* icon_arrow.png */,
				8BF1E35F1CC609DC009DC8F2 /* icon_Back.png */,
				8BF1E3601CC609DC009DC8F2 /* img_option.png */,
				8BF1E3611CC609DC009DC8F2 /* txt_icloud.png */,
				8BF1E3621CC609DC009DC8F2 /* txt_reset.png */,
				8BF1E3631CC609DC009DC8F2 /* txt_settings.png */,
				8BF1E3641CC609DC009DC8F2 /* txt_tracking.png */,
				8BF1E3511CC5FE02009DC8F2 /* icon_circle_red.png */,
				8BF1E3521CC5FE02009DC8F2 /* img_detail.png */,
				8BF1E3531CC5FE02009DC8F2 /* img_text.png */,
				8BF1E3471CC4DE5E009DC8F2 /* icon_info.png */,
				8BF1E3481CC4DE5E009DC8F2 /* icon_lead.png */,
				8BF1E3491CC4DE5E009DC8F2 /* icon_setting.png */,
				8BF1E34A1CC4DE5E009DC8F2 /* icon_theme.png */,
				8BF1E34B1CC4DE5E009DC8F2 /* img_sidebar.png */,
			);
			path = Resource;
			sourceTree = "<group>";
		};
		8B8D067B1CC4D44D003EAC28 /* ViewControllers */ = {
			isa = PBXGroup;
			children = (
				1B213C9B1CD8C86000B8E673 /* ProgressCircle */,
				8BF1E3571CC5FFDB009DC8F2 /* ListViewController.h */,
				8BF1E3581CC5FFDB009DC8F2 /* ListViewController.m */,
				8BF1E35A1CC60028009DC8F2 /* ListTableViewCell.h */,
				8BF1E35B1CC60028009DC8F2 /* ListTableViewCell.m */,
				8BF1E36C1CC60ADF009DC8F2 /* SettingViewController.h */,
				8BF1E36D1CC60ADF009DC8F2 /* SettingViewController.m */,
				8BFEBE081CC703F100DDB4BE /* ContentViewController.h */,
				8BFEBE091CC703F100DDB4BE /* ContentViewController.m */,
			);
			path = ViewControllers;
			sourceTree = "<group>";
		};
/* End PBXGroup section */

/* Begin PBXNativeTarget section */
		8B852BCE1CC4D30F001BE270 /* Gospel */ = {
			isa = PBXNativeTarget;
			buildConfigurationList = 8B852BE91CC4D30F001BE270 /* Build configuration list for PBXNativeTarget "Gospel" */;
			buildPhases = (
				8B852BCB1CC4D30F001BE270 /* Sources */,
				8B852BCC1CC4D30F001BE270 /* Frameworks */,
				8B852BCD1CC4D30F001BE270 /* Resources */,
			);
			buildRules = (
			);
			dependencies = (
			);
			name = Gospel;
			productName = Gospel;
			productReference = 8B852BCF1CC4D30F001BE270 /* Gospel.app */;
			productType = "com.apple.product-type.application";
		};
/* End PBXNativeTarget section */

/* Begin PBXProject section */
		8B852BC71CC4D30F001BE270 /* Project object */ = {
			isa = PBXProject;
			attributes = {
				LastUpgradeCheck = 0720;
				ORGANIZATIONNAME = Aron;
				TargetAttributes = {
					8B852BCE1CC4D30F001BE270 = {
						CreatedOnToolsVersion = 7.2;
					};
				};
			};
			buildConfigurationList = 8B852BCA1CC4D30F001BE270 /* Build configuration list for PBXProject "Gospel" */;
			compatibilityVersion = "Xcode 3.2";
			developmentRegion = English;
			hasScannedForEncodings = 0;
			knownRegions = (
				en,
				Base,
			);
			mainGroup = 8B852BC61CC4D30F001BE270;
			productRefGroup = 8B852BD01CC4D30F001BE270 /* Products */;
			projectDirPath = "";
			projectRoot = "";
			targets = (
				8B852BCE1CC4D30F001BE270 /* Gospel */,
			);
		};
/* End PBXProject section */

/* Begin PBXResourcesBuildPhase section */
		8B852BCD1CC4D30F001BE270 /* Resources */ = {
			isa = PBXResourcesBuildPhase;
			buildActionMask = 2147483647;
			files = (
				8BF1E3501CC4DE5E009DC8F2 /* img_sidebar.png in Resources */,
				8BF1E34C1CC4DE5E009DC8F2 /* icon_info.png in Resources */,
				8BFEBE071CC6F80100DDB4BE /* img_sidebar_blue.png in Resources */,
				8BF1E3691CC609DC009DC8F2 /* txt_reset.png in Resources */,
				8BF1E3541CC5FE02009DC8F2 /* icon_circle_red.png in Resources */,
				8BF1E34E1CC4DE5E009DC8F2 /* icon_setting.png in Resources */,
				8BFEBE031CC6E8B400DDB4BE /* icon_upload_red.png in Resources */,
				8BF1E3681CC609DC009DC8F2 /* txt_icloud.png in Resources */,
				8B852BE51CC4D30F001BE270 /* LaunchScreen.storyboard in Resources */,
				8BF1E36B1CC609DC009DC8F2 /* txt_tracking.png in Resources */,
				8BF1E34F1CC4DE5E009DC8F2 /* icon_theme.png in Resources */,
				8BFEBE021CC6E8B400DDB4BE /* icon_Back_red.png in Resources */,
				8BF1E3561CC5FE02009DC8F2 /* img_text.png in Resources */,
				8BF1E36A1CC609DC009DC8F2 /* txt_settings.png in Resources */,
				8BFEBE0C1CC706A500DDB4BE /* icon_upload_blue.png in Resources */,
				8BFEBE061CC6F80100DDB4BE /* icon_circle_blue.png in Resources */,
				8BF1E34D1CC4DE5E009DC8F2 /* icon_lead.png in Resources */,
				8BF1E3651CC609DC009DC8F2 /* icon_arrow.png in Resources */,
				1B213C9A1CD8AF1C00B8E673 /* img_sidebar_black.png in Resources */,
				8BF1E3661CC609DC009DC8F2 /* icon_Back.png in Resources */,
				8BF1E3671CC609DC009DC8F2 /* img_option.png in Resources */,
				8B852BE21CC4D30F001BE270 /* Assets.xcassets in Resources */,
				8BF1E3551CC5FE02009DC8F2 /* img_detail.png in Resources */,
				8B852BDD1CC4D30F001BE270 /* Main.storyboard in Resources */,
			);
			runOnlyForDeploymentPostprocessing = 0;
		};
/* End PBXResourcesBuildPhase section */

/* Begin PBXSourcesBuildPhase section */
		8B852BCB1CC4D30F001BE270 /* Sources */ = {
			isa = PBXSourcesBuildPhase;
			buildActionMask = 2147483647;
			files = (
				8BF1E3591CC5FFDB009DC8F2 /* ListViewController.m in Sources */,
				8B852BDA1CC4D30F001BE270 /* ViewController.m in Sources */,
				8B852BE01CC4D30F001BE270 /* Gospel.xcdatamodeld in Sources */,
				8BF1E36E1CC60ADF009DC8F2 /* SettingViewController.m in Sources */,
				8BFEBE0A1CC703F100DDB4BE /* ContentViewController.m in Sources */,
				1B213C9E1CD8C88800B8E673 /* ProgressCircleView.m in Sources */,
				8BF1E35C1CC60028009DC8F2 /* ListTableViewCell.m in Sources */,
				8B852BD71CC4D30F001BE270 /* AppDelegate.m in Sources */,
				8B852BD41CC4D30F001BE270 /* main.m in Sources */,
				1B213C971CD8994500B8E673 /* Preferences.m in Sources */,
			);
			runOnlyForDeploymentPostprocessing = 0;
		};
/* End PBXSourcesBuildPhase section */

/* Begin PBXVariantGroup section */
		8B852BDB1CC4D30F001BE270 /* Main.storyboard */ = {
			isa = PBXVariantGroup;
			children = (
				8B852BDC1CC4D30F001BE270 /* Base */,
			);
			name = Main.storyboard;
			sourceTree = "<group>";
		};
		8B852BE31CC4D30F001BE270 /* LaunchScreen.storyboard */ = {
			isa = PBXVariantGroup;
			children = (
				8B852BE41CC4D30F001BE270 /* Base */,
			);
			name = LaunchScreen.storyboard;
			sourceTree = "<group>";
		};
/* End PBXVariantGroup section */

/* Begin XCBuildConfiguration section */
		8B852BE71CC4D30F001BE270 /* Debug */ = {
			isa = XCBuildConfiguration;
			buildSettings = {
				ALWAYS_SEARCH_USER_PATHS = NO;
				CLANG_CXX_LANGUAGE_STANDARD = "gnu++0x";
				CLANG_CXX_LIBRARY = "libc++";
				CLANG_ENABLE_MODULES = YES;
				CLANG_ENABLE_OBJC_ARC = YES;
				CLANG_WARN_BOOL_CONVERSION = YES;
				CLANG_WARN_CONSTANT_CONVERSION = YES;
				CLANG_WARN_DIRECT_OBJC_ISA_USAGE = YES_ERROR;
				CLANG_WARN_EMPTY_BODY = YES;
				CLANG_WARN_ENUM_CONVERSION = YES;
				CLANG_WARN_INT_CONVERSION = YES;
				CLANG_WARN_OBJC_ROOT_CLASS = YES_ERROR;
				CLANG_WARN_UNREACHABLE_CODE = YES;
				CLANG_WARN__DUPLICATE_METHOD_MATCH = YES;
				"CODE_SIGN_IDENTITY[sdk=iphoneos*]" = "iPhone Developer";
				COPY_PHASE_STRIP = NO;
				DEBUG_INFORMATION_FORMAT = dwarf;
				ENABLE_STRICT_OBJC_MSGSEND = YES;
				ENABLE_TESTABILITY = YES;
				GCC_C_LANGUAGE_STANDARD = gnu99;
				GCC_DYNAMIC_NO_PIC = NO;
				GCC_NO_COMMON_BLOCKS = YES;
				GCC_OPTIMIZATION_LEVEL = 0;
				GCC_PREPROCESSOR_DEFINITIONS = (
					"DEBUG=1",
					"$(inherited)",
				);
				GCC_WARN_64_TO_32_BIT_CONVERSION = YES;
				GCC_WARN_ABOUT_RETURN_TYPE = YES_ERROR;
				GCC_WARN_UNDECLARED_SELECTOR = YES;
				GCC_WARN_UNINITIALIZED_AUTOS = YES_AGGRESSIVE;
				GCC_WARN_UNUSED_FUNCTION = YES;
				GCC_WARN_UNUSED_VARIABLE = YES;
				IPHONEOS_DEPLOYMENT_TARGET = 9.2;
				MTL_ENABLE_DEBUG_INFO = YES;
				ONLY_ACTIVE_ARCH = YES;
				SDKROOT = iphoneos;
				TARGETED_DEVICE_FAMILY = "1,2";
			};
			name = Debug;
		};
		8B852BE81CC4D30F001BE270 /* Release */ = {
			isa = XCBuildConfiguration;
			buildSettings = {
				ALWAYS_SEARCH_USER_PATHS = NO;
				CLANG_CXX_LANGUAGE_STANDARD = "gnu++0x";
				CLANG_CXX_LIBRARY = "libc++";
				CLANG_ENABLE_MODULES = YES;
				CLANG_ENABLE_OBJC_ARC = YES;
				CLANG_WARN_BOOL_CONVERSION = YES;
				CLANG_WARN_CONSTANT_CONVERSION = YES;
				CLANG_WARN_DIRECT_OBJC_ISA_USAGE = YES_ERROR;
				CLANG_WARN_EMPTY_BODY = YES;
				CLANG_WARN_ENUM_CONVERSION = YES;
				CLANG_WARN_INT_CONVERSION = YES;
				CLANG_WARN_OBJC_ROOT_CLASS = YES_ERROR;
				CLANG_WARN_UNREACHABLE_CODE = YES;
				CLANG_WARN__DUPLICATE_METHOD_MATCH = YES;
				"CODE_SIGN_IDENTITY[sdk=iphoneos*]" = "iPhone Developer";
				COPY_PHASE_STRIP = NO;
				DEBUG_INFORMATION_FORMAT = "dwarf-with-dsym";
				ENABLE_NS_ASSERTIONS = NO;
				ENABLE_STRICT_OBJC_MSGSEND = YES;
				GCC_C_LANGUAGE_STANDARD = gnu99;
				GCC_NO_COMMON_BLOCKS = YES;
				GCC_WARN_64_TO_32_BIT_CONVERSION = YES;
				GCC_WARN_ABOUT_RETURN_TYPE = YES_ERROR;
				GCC_WARN_UNDECLARED_SELECTOR = YES;
				GCC_WARN_UNINITIALIZED_AUTOS = YES_AGGRESSIVE;
				GCC_WARN_UNUSED_FUNCTION = YES;
				GCC_WARN_UNUSED_VARIABLE = YES;
				IPHONEOS_DEPLOYMENT_TARGET = 9.2;
				MTL_ENABLE_DEBUG_INFO = NO;
				SDKROOT = iphoneos;
				TARGETED_DEVICE_FAMILY = "1,2";
				VALIDATE_PRODUCT = YES;
			};
			name = Release;
		};
		8B852BEA1CC4D30F001BE270 /* Debug */ = {
			isa = XCBuildConfiguration;
			buildSettings = {
				ASSETCATALOG_COMPILER_APPICON_NAME = AppIcon;
				INFOPLIST_FILE = Gospel/Info.plist;
				IPHONEOS_DEPLOYMENT_TARGET = 7.1;
				LD_RUNPATH_SEARCH_PATHS = "$(inherited) @executable_path/Frameworks";
				PRODUCT_BUNDLE_IDENTIFIER = com.alex.Gospel;
				PRODUCT_NAME = "$(TARGET_NAME)";
			};
			name = Debug;
		};
		8B852BEB1CC4D30F001BE270 /* Release */ = {
			isa = XCBuildConfiguration;
			buildSettings = {
				ASSETCATALOG_COMPILER_APPICON_NAME = AppIcon;
				INFOPLIST_FILE = Gospel/Info.plist;
				IPHONEOS_DEPLOYMENT_TARGET = 7.1;
				LD_RUNPATH_SEARCH_PATHS = "$(inherited) @executable_path/Frameworks";
				PRODUCT_BUNDLE_IDENTIFIER = com.alex.Gospel;
				PRODUCT_NAME = "$(TARGET_NAME)";
			};
			name = Release;
		};
/* End XCBuildConfiguration section */

/* Begin XCConfigurationList section */
		8B852BCA1CC4D30F001BE270 /* Build configuration list for PBXProject "Gospel" */ = {
			isa = XCConfigurationList;
			buildConfigurations = (
				8B852BE71CC4D30F001BE270 /* Debug */,
				8B852BE81CC4D30F001BE270 /* Release */,
			);
			defaultConfigurationIsVisible = 0;
			defaultConfigurationName = Release;
		};
		8B852BE91CC4D30F001BE270 /* Build configuration list for PBXNativeTarget "Gospel" */ = {
			isa = XCConfigurationList;
			buildConfigurations = (
				8B852BEA1CC4D30F001BE270 /* Debug */,
				8B852BEB1CC4D30F001BE270 /* Release */,
			);
			defaultConfigurationIsVisible = 0;
			defaultConfigurationName = Release;
		};
/* End XCConfigurationList section */

/* Begin XCVersionGroup section */
		8B852BDE1CC4D30F001BE270 /* Gospel.xcdatamodeld */ = {
			isa = XCVersionGroup;
			children = (
				8B852BDF1CC4D30F001BE270 /* Gospel.xcdatamodel */,
			);
			currentVersion = 8B852BDF1CC4D30F001BE270 /* Gospel.xcdatamodel */;
			path = Gospel.xcdatamodeld;
			sourceTree = "<group>";
			versionGroupType = wrapper.xcdatamodel;
		};
/* End XCVersionGroup section */
	};
	rootObject = 8B852BC71CC4D30F001BE270 /* Project object */;
}
